// !$*UTF8*$!
{
	archiveVersion = 1;
	classes = {
	};
	objectVersion = 46;
	objects = {

/* Begin PBXBuildFile section */
		484813CB1BF486D3002B76D9 /* 1024.png in Resources */ = {isa = PBXBuildFile; fileRef = 484813C01BF486D3002B76D9 /* 1024.png */; };
		484813CC1BF486D3002B76D9 /* 120.png in Resources */ = {isa = PBXBuildFile; fileRef = 484813C11BF486D3002B76D9 /* 120.png */; };
		484813CD1BF486D3002B76D9 /* 180.png in Resources */ = {isa = PBXBuildFile; fileRef = 484813C21BF486D3002B76D9 /* 180.png */; };
		484813CE1BF486D3002B76D9 /* 58.png in Resources */ = {isa = PBXBuildFile; fileRef = 484813C31BF486D3002B76D9 /* 58.png */; };
		484813CF1BF486D3002B76D9 /* 80.png in Resources */ = {isa = PBXBuildFile; fileRef = 484813C41BF486D3002B76D9 /* 80.png */; };
		484813D01BF486D3002B76D9 /* 87.png in Resources */ = {isa = PBXBuildFile; fileRef = 484813C51BF486D3002B76D9 /* 87.png */; };
		484813D11BF486D3002B76D9 /* 4.png in Resources */ = {isa = PBXBuildFile; fileRef = 484813C71BF486D3002B76D9 /* 4.png */; };
		484813D21BF486D3002B76D9 /* 5.png in Resources */ = {isa = PBXBuildFile; fileRef = 484813C81BF486D3002B76D9 /* 5.png */; };
		484813D31BF486D3002B76D9 /* 6.png in Resources */ = {isa = PBXBuildFile; fileRef = 484813C91BF486D3002B76D9 /* 6.png */; };
		484813D41BF486D3002B76D9 /* 6p.png in Resources */ = {isa = PBXBuildFile; fileRef = 484813CA1BF486D3002B76D9 /* 6p.png */; };
		484813D61BF48853002B76D9 /* other.png in Resources */ = {isa = PBXBuildFile; fileRef = 484813D51BF48853002B76D9 /* other.png */; };
		484813D81BF4B309002B76D9 /* add.png in Resources */ = {isa = PBXBuildFile; fileRef = 484813D71BF4B309002B76D9 /* add.png */; };
		4848DC8C1BED9F0400FDEB7C /* BookPageViewController.m in Sources */ = {isa = PBXBuildFile; fileRef = 4848DC8A1BED9F0400FDEB7C /* BookPageViewController.m */; };
		4848DC8D1BED9F0400FDEB7C /* BookPageViewController.xib in Resources */ = {isa = PBXBuildFile; fileRef = 4848DC8B1BED9F0400FDEB7C /* BookPageViewController.xib */; };
		4848DC911BED9FA900FDEB7C /* BookDetailViewController.m in Sources */ = {isa = PBXBuildFile; fileRef = 4848DC8F1BED9FA900FDEB7C /* BookDetailViewController.m */; };
		4848DC921BED9FA900FDEB7C /* BookDetailViewController.xib in Resources */ = {isa = PBXBuildFile; fileRef = 4848DC901BED9FA900FDEB7C /* BookDetailViewController.xib */; };
		4848DC981BEDDDEB00FDEB7C /* SplitNSString.m in Sources */ = {isa = PBXBuildFile; fileRef = 4848DC971BEDDDEB00FDEB7C /* SplitNSString.m */; };
		4848DC9A1BEDF18200FDEB7C /* info.txt in Resources */ = {isa = PBXBuildFile; fileRef = 4848DC991BEDF18200FDEB7C /* info.txt */; };
		4848DC9C1BEE0EF400FDEB7C /* NavBack@2x.png in Resources */ = {isa = PBXBuildFile; fileRef = 4848DC9B1BEE0EF400FDEB7C /* NavBack@2x.png */; };
		4848DC9E1BEE23B500FDEB7C /* sun.png in Resources */ = {isa = PBXBuildFile; fileRef = 4848DC9D1BEE23B500FDEB7C /* sun.png */; };
		4848DCBD1BEE2DC100FDEB7C /* ioapi.c in Sources */ = {isa = PBXBuildFile; fileRef = 4848DCB31BEE2DC100FDEB7C /* ioapi.c */; };
		4848DCBE1BEE2DC100FDEB7C /* mztools.c in Sources */ = {isa = PBXBuildFile; fileRef = 4848DCB51BEE2DC100FDEB7C /* mztools.c */; };
		4848DCBF1BEE2DC100FDEB7C /* unzip.c in Sources */ = {isa = PBXBuildFile; fileRef = 4848DCB71BEE2DC100FDEB7C /* unzip.c */; };
		4848DCC01BEE2DC100FDEB7C /* zip.c in Sources */ = {isa = PBXBuildFile; fileRef = 4848DCB91BEE2DC100FDEB7C /* zip.c */; };
		4848DCC11BEE2DC100FDEB7C /* SSZipArchive.m in Sources */ = {isa = PBXBuildFile; fileRef = 4848DCBC1BEE2DC100FDEB7C /* SSZipArchive.m */; };
		4848DCC31BEE2E6600FDEB7C /* libz.dylib in Frameworks */ = {isa = PBXBuildFile; fileRef = 4848DCC21BEE2E6600FDEB7C /* libz.dylib */; };
		4848DCC61BEEE7E300FDEB7C /* DownManager.m in Sources */ = {isa = PBXBuildFile; fileRef = 4848DCC51BEEE7E300FDEB7C /* DownManager.m */; };
		4848DCC91BEEEC5400FDEB7C /* FileManager.m in Sources */ = {isa = PBXBuildFile; fileRef = 4848DCC81BEEEC5400FDEB7C /* FileManager.m */; };
		4848DCCD1BEF3BEC00FDEB7C /* JSONKit.m in Sources */ = {isa = PBXBuildFile; fileRef = 4848DCCC1BEF3BEC00FDEB7C /* JSONKit.m */; settings = {COMPILER_FLAGS = "-fno-objc-arc"; }; };
		4848DCD01BEF3CB000FDEB7C /* StructInfo.m in Sources */ = {isa = PBXBuildFile; fileRef = 4848DCCF1BEF3CB000FDEB7C /* StructInfo.m */; };
		4848DCD41BEF4D6700FDEB7C /* BookCategoryViewController.m in Sources */ = {isa = PBXBuildFile; fileRef = 4848DCD21BEF4D6700FDEB7C /* BookCategoryViewController.m */; };
		4848DCD51BEF4D6700FDEB7C /* BookCategoryViewController.xib in Resources */ = {isa = PBXBuildFile; fileRef = 4848DCD31BEF4D6700FDEB7C /* BookCategoryViewController.xib */; };
		4848DCD91BEF516E00FDEB7C /* BookListViewController.m in Sources */ = {isa = PBXBuildFile; fileRef = 4848DCD71BEF516E00FDEB7C /* BookListViewController.m */; };
		4848DCDA1BEF516E00FDEB7C /* BookListViewController.xib in Resources */ = {isa = PBXBuildFile; fileRef = 4848DCD81BEF516E00FDEB7C /* BookListViewController.xib */; };
		4848DCDE1BEF57B000FDEB7C /* BookListTableViewCell.m in Sources */ = {isa = PBXBuildFile; fileRef = 4848DCDC1BEF57B000FDEB7C /* BookListTableViewCell.m */; };
		4848DCDF1BEF57B000FDEB7C /* BookListTableViewCell.xib in Resources */ = {isa = PBXBuildFile; fileRef = 4848DCDD1BEF57B000FDEB7C /* BookListTableViewCell.xib */; };
		4848DCE21BEF59FE00FDEB7C /* UIScrollView+UITouch.m in Sources */ = {isa = PBXBuildFile; fileRef = 4848DCE01BEF59FE00FDEB7C /* UIScrollView+UITouch.m */; };
		4848DCED1BEF649000FDEB7C /* SVIndefiniteAnimatedView.m in Sources */ = {isa = PBXBuildFile; fileRef = 4848DCE81BEF649000FDEB7C /* SVIndefiniteAnimatedView.m */; };
		4848DCEE1BEF649000FDEB7C /* SVProgressHUD.bundle in Resources */ = {isa = PBXBuildFile; fileRef = 4848DCEA1BEF649000FDEB7C /* SVProgressHUD.bundle */; };
		4848DCEF1BEF649000FDEB7C /* SVProgressHUD.m in Sources */ = {isa = PBXBuildFile; fileRef = 4848DCEC1BEF649000FDEB7C /* SVProgressHUD.m */; };
		4848DD121BF048CC00FDEB7C /* MKAnnotationView+WebCache.m in Sources */ = {isa = PBXBuildFile; fileRef = 4848DCF21BF048CC00FDEB7C /* MKAnnotationView+WebCache.m */; };
		4848DD131BF048CC00FDEB7C /* NSData+ImageContentType.m in Sources */ = {isa = PBXBuildFile; fileRef = 4848DCF41BF048CC00FDEB7C /* NSData+ImageContentType.m */; };
		4848DD141BF048CC00FDEB7C /* SDImageCache.m in Sources */ = {isa = PBXBuildFile; fileRef = 4848DCF61BF048CC00FDEB7C /* SDImageCache.m */; };
		4848DD151BF048CC00FDEB7C /* SDWebImageCompat.m in Sources */ = {isa = PBXBuildFile; fileRef = 4848DCF81BF048CC00FDEB7C /* SDWebImageCompat.m */; };
		4848DD161BF048CC00FDEB7C /* SDWebImageDecoder.m in Sources */ = {isa = PBXBuildFile; fileRef = 4848DCFA1BF048CC00FDEB7C /* SDWebImageDecoder.m */; };
		4848DD171BF048CC00FDEB7C /* SDWebImageDownloader.m in Sources */ = {isa = PBXBuildFile; fileRef = 4848DCFC1BF048CC00FDEB7C /* SDWebImageDownloader.m */; };
		4848DD181BF048CC00FDEB7C /* SDWebImageDownloaderOperation.m in Sources */ = {isa = PBXBuildFile; fileRef = 4848DCFE1BF048CC00FDEB7C /* SDWebImageDownloaderOperation.m */; };
		4848DD191BF048CC00FDEB7C /* SDWebImageManager.m in Sources */ = {isa = PBXBuildFile; fileRef = 4848DD001BF048CC00FDEB7C /* SDWebImageManager.m */; };
		4848DD1A1BF048CC00FDEB7C /* SDWebImagePrefetcher.m in Sources */ = {isa = PBXBuildFile; fileRef = 4848DD031BF048CC00FDEB7C /* SDWebImagePrefetcher.m */; };
		4848DD1B1BF048CC00FDEB7C /* UIButton+WebCache.m in Sources */ = {isa = PBXBuildFile; fileRef = 4848DD051BF048CC00FDEB7C /* UIButton+WebCache.m */; };
		4848DD1C1BF048CC00FDEB7C /* UIImage+GIF.m in Sources */ = {isa = PBXBuildFile; fileRef = 4848DD071BF048CC00FDEB7C /* UIImage+GIF.m */; };
		4848DD1D1BF048CC00FDEB7C /* UIImage+MultiFormat.m in Sources */ = {isa = PBXBuildFile; fileRef = 4848DD091BF048CC00FDEB7C /* UIImage+MultiFormat.m */; };
		4848DD1E1BF048CC00FDEB7C /* UIImage+WebP.m in Sources */ = {isa = PBXBuildFile; fileRef = 4848DD0B1BF048CC00FDEB7C /* UIImage+WebP.m */; };
		4848DD1F1BF048CC00FDEB7C /* UIImageView+HighlightedWebCache.m in Sources */ = {isa = PBXBuildFile; fileRef = 4848DD0D1BF048CC00FDEB7C /* UIImageView+HighlightedWebCache.m */; };
		4848DD201BF048CC00FDEB7C /* UIImageView+WebCache.m in Sources */ = {isa = PBXBuildFile; fileRef = 4848DD0F1BF048CC00FDEB7C /* UIImageView+WebCache.m */; };
		4848DD211BF048CC00FDEB7C /* UIView+WebCacheOperation.m in Sources */ = {isa = PBXBuildFile; fileRef = 4848DD111BF048CC00FDEB7C /* UIView+WebCacheOperation.m */; };
		4848DD251BF07D8700FDEB7C /* BookBriefTableCell.m in Sources */ = {isa = PBXBuildFile; fileRef = 4848DD231BF07D8700FDEB7C /* BookBriefTableCell.m */; };
		4848DD261BF07D8700FDEB7C /* BookBriefTableCell.xib in Resources */ = {isa = PBXBuildFile; fileRef = 4848DD241BF07D8700FDEB7C /* BookBriefTableCell.xib */; };
		4848DD2D1BF1BA1200FDEB7C /* gycy.png in Resources */ = {isa = PBXBuildFile; fileRef = 4848DD281BF1BA1200FDEB7C /* gycy.png */; };
		4848DD2E1BF1BA1200FDEB7C /* lmqc.png in Resources */ = {isa = PBXBuildFile; fileRef = 4848DD291BF1BA1200FDEB7C /* lmqc.png */; };
		4848DD2F1BF1BA1200FDEB7C /* wxxx.png in Resources */ = {isa = PBXBuildFile; fileRef = 4848DD2A1BF1BA1200FDEB7C /* wxxx.png */; };
		4848DD301BF1BA1200FDEB7C /* xdyq.png in Resources */ = {isa = PBXBuildFile; fileRef = 4848DD2B1BF1BA1200FDEB7C /* xdyq.png */; };
		4848DD311BF1BA1200FDEB7C /* xyly.png in Resources */ = {isa = PBXBuildFile; fileRef = 4848DD2C1BF1BA1200FDEB7C /* xyly.png */; };
		4848DD341BF1CE0800FDEB7C /* UINavigationBar+CustomHeight.m in Sources */ = {isa = PBXBuildFile; fileRef = 4848DD331BF1CE0800FDEB7C /* UINavigationBar+CustomHeight.m */; };
		4848DD371BF20E9F00FDEB7C /* BaseViewController.m in Sources */ = {isa = PBXBuildFile; fileRef = 4848DD361BF20E9F00FDEB7C /* BaseViewController.m */; };
		4848DD3A1BF2DBA500FDEB7C /* book_bg_2.png in Resources */ = {isa = PBXBuildFile; fileRef = 4848DD381BF2DBA500FDEB7C /* book_bg_2.png */; };
		4848DD3B1BF2DBA500FDEB7C /* book_bg_1.png in Resources */ = {isa = PBXBuildFile; fileRef = 4848DD391BF2DBA500FDEB7C /* book_bg_1.png */; };
		4848DD411BF2E0C600FDEB7C /* text_bg_1.png in Resources */ = {isa = PBXBuildFile; fileRef = 4848DD3C1BF2E0C600FDEB7C /* text_bg_1.png */; };
		4848DD421BF2E0C600FDEB7C /* text_bg_2.png in Resources */ = {isa = PBXBuildFile; fileRef = 4848DD3D1BF2E0C600FDEB7C /* text_bg_2.png */; };
		4848DD431BF2E0C600FDEB7C /* text_bg_3.png in Resources */ = {isa = PBXBuildFile; fileRef = 4848DD3E1BF2E0C600FDEB7C /* text_bg_3.png */; };
		4848DD441BF2E0C600FDEB7C /* text_bg_4.png in Resources */ = {isa = PBXBuildFile; fileRef = 4848DD3F1BF2E0C600FDEB7C /* text_bg_4.png */; };
		4848DD451BF2E0C600FDEB7C /* text_bg_5.png in Resources */ = {isa = PBXBuildFile; fileRef = 4848DD401BF2E0C600FDEB7C /* text_bg_5.png */; };
		4848DD481BF316A000FDEB7C /* text_bg_6.png in Resources */ = {isa = PBXBuildFile; fileRef = 4848DD461BF316A000FDEB7C /* text_bg_6.png */; };
		4848DD491BF316A000FDEB7C /* text_bg_7.png in Resources */ = {isa = PBXBuildFile; fileRef = 4848DD471BF316A000FDEB7C /* text_bg_7.png */; };
		4848DD4B1BF323A200FDEB7C /* te.png in Resources */ = {isa = PBXBuildFile; fileRef = 4848DD4A1BF323A200FDEB7C /* te.png */; };
		4848DD4D1BF32ED000FDEB7C /* setting2.png in Resources */ = {isa = PBXBuildFile; fileRef = 4848DD4C1BF32ED000FDEB7C /* setting2.png */; };
		4848DD551BF333FC00FDEB7C /* text_bg_show_1.png in Resources */ = {isa = PBXBuildFile; fileRef = 4848DD4E1BF333FC00FDEB7C /* text_bg_show_1.png */; };
		4848DD561BF333FC00FDEB7C /* text_bg_show_2.png in Resources */ = {isa = PBXBuildFile; fileRef = 4848DD4F1BF333FC00FDEB7C /* text_bg_show_2.png */; };
		4848DD571BF333FC00FDEB7C /* text_bg_show_3.png in Resources */ = {isa = PBXBuildFile; fileRef = 4848DD501BF333FC00FDEB7C /* text_bg_show_3.png */; };
		4848DD581BF333FC00FDEB7C /* text_bg_show_4.png in Resources */ = {isa = PBXBuildFile; fileRef = 4848DD511BF333FC00FDEB7C /* text_bg_show_4.png */; };
		4848DD591BF333FC00FDEB7C /* text_bg_show_5.png in Resources */ = {isa = PBXBuildFile; fileRef = 4848DD521BF333FC00FDEB7C /* text_bg_show_5.png */; };
		4848DD5A1BF333FC00FDEB7C /* text_bg_show_6.png in Resources */ = {isa = PBXBuildFile; fileRef = 4848DD531BF333FC00FDEB7C /* text_bg_show_6.png */; };
		4848DD5B1BF333FC00FDEB7C /* text_bg_show_7.png in Resources */ = {isa = PBXBuildFile; fileRef = 4848DD541BF333FC00FDEB7C /* text_bg_show_7.png */; };
		4848DD5F1BF366F900FDEB7C /* moom.png in Resources */ = {isa = PBXBuildFile; fileRef = 4848DD5D1BF366F900FDEB7C /* moom.png */; };
		4848DD6E1BF36A1600FDEB7C /* baidumobadsdk.bundle in Resources */ = {isa = PBXBuildFile; fileRef = 4848DD671BF36A1600FDEB7C /* baidumobadsdk.bundle */; };
		4848DD6F1BF36A1600FDEB7C /* libBaiduMobAdSdk64bit.a in Frameworks */ = {isa = PBXBuildFile; fileRef = 4848DD6D1BF36A1600FDEB7C /* libBaiduMobAdSdk64bit.a */; };
		4848DD711BF36C0A00FDEB7C /* QuartzCore.framework in Frameworks */ = {isa = PBXBuildFile; fileRef = 4848DD701BF36C0A00FDEB7C /* QuartzCore.framework */; };
		4848DD731BF36C0F00FDEB7C /* Security.framework in Frameworks */ = {isa = PBXBuildFile; fileRef = 4848DD721BF36C0F00FDEB7C /* Security.framework */; };
		4848DD751BF36C1400FDEB7C /* AdSupport.framework in Frameworks */ = {isa = PBXBuildFile; fileRef = 4848DD741BF36C1400FDEB7C /* AdSupport.framework */; };
		4848DD771BF36C1B00FDEB7C /* StoreKit.framework in Frameworks */ = {isa = PBXBuildFile; fileRef = 4848DD761BF36C1B00FDEB7C /* StoreKit.framework */; };
		4848DD791BF36C2300FDEB7C /* AudioToolbox.framework in Frameworks */ = {isa = PBXBuildFile; fileRef = 4848DD781BF36C2300FDEB7C /* AudioToolbox.framework */; };
		4848DD7B1BF36C3000FDEB7C /* CoreMotion.framework in Frameworks */ = {isa = PBXBuildFile; fileRef = 4848DD7A1BF36C3000FDEB7C /* CoreMotion.framework */; };
		4848DD7D1BF36C3500FDEB7C /* MediaPlayer.framework in Frameworks */ = {isa = PBXBuildFile; fileRef = 4848DD7C1BF36C3500FDEB7C /* MediaPlayer.framework */; };
		4848DD7F1BF36C3A00FDEB7C /* AVFoundation.framework in Frameworks */ = {isa = PBXBuildFile; fileRef = 4848DD7E1BF36C3A00FDEB7C /* AVFoundation.framework */; };
		4848DD811BF36C4300FDEB7C /* MessageUI.framework in Frameworks */ = {isa = PBXBuildFile; fileRef = 4848DD801BF36C4300FDEB7C /* MessageUI.framework */; };
		4848DD831BF36C4900FDEB7C /* CoreLocation.framework in Frameworks */ = {isa = PBXBuildFile; fileRef = 4848DD821BF36C4900FDEB7C /* CoreLocation.framework */; };
		4848DD851BF36C5000FDEB7C /* libstdc++.dylib in Frameworks */ = {isa = PBXBuildFile; fileRef = 4848DD841BF36C5000FDEB7C /* libstdc++.dylib */; };
		4848DD871BF36C5800FDEB7C /* CoreTelephony.framework in Frameworks */ = {isa = PBXBuildFile; fileRef = 4848DD861BF36C5800FDEB7C /* CoreTelephony.framework */; };
		4848DD891BF36C6300FDEB7C /* SystemConfiguration.framework in Frameworks */ = {isa = PBXBuildFile; fileRef = 4848DD881BF36C6300FDEB7C /* SystemConfiguration.framework */; };
		4848DD8B1BF36C7300FDEB7C /* UIKit.framework in Frameworks */ = {isa = PBXBuildFile; fileRef = 4848DD8A1BF36C7300FDEB7C /* UIKit.framework */; };
		4848DD8D1BF36C7800FDEB7C /* Foundation.framework in Frameworks */ = {isa = PBXBuildFile; fileRef = 4848DD8C1BF36C7800FDEB7C /* Foundation.framework */; };
		4848DD8F1BF36C7D00FDEB7C /* CoreGraphics.framework in Frameworks */ = {isa = PBXBuildFile; fileRef = 4848DD8E1BF36C7D00FDEB7C /* CoreGraphics.framework */; };
		4848DD931BF36F2700FDEB7C /* OtherViewController.m in Sources */ = {isa = PBXBuildFile; fileRef = 4848DD911BF36F2700FDEB7C /* OtherViewController.m */; };
		4848DD941BF36F2700FDEB7C /* OtherViewController.xib in Resources */ = {isa = PBXBuildFile; fileRef = 4848DD921BF36F2700FDEB7C /* OtherViewController.xib */; };
		48955C481BEC77000063C372 /* main.m in Sources */ = {isa = PBXBuildFile; fileRef = 48955C471BEC77000063C372 /* main.m */; };
		48955C4B1BEC77000063C372 /* AppDelegate.m in Sources */ = {isa = PBXBuildFile; fileRef = 48955C4A1BEC77000063C372 /* AppDelegate.m */; };
		48955C4E1BEC77000063C372 /* ViewController.m in Sources */ = {isa = PBXBuildFile; fileRef = 48955C4D1BEC77000063C372 /* ViewController.m */; };
		48955C511BEC77000063C372 /* Main.storyboard in Resources */ = {isa = PBXBuildFile; fileRef = 48955C4F1BEC77000063C372 /* Main.storyboard */; };
		48955C531BEC77000063C372 /* Images.xcassets in Resources */ = {isa = PBXBuildFile; fileRef = 48955C521BEC77000063C372 /* Images.xcassets */; };
		48955C561BEC77000063C372 /* LaunchScreen.xib in Resources */ = {isa = PBXBuildFile; fileRef = 48955C541BEC77000063C372 /* LaunchScreen.xib */; };
		48955C621BEC77000063C372 /* eBookTests.m in Sources */ = {isa = PBXBuildFile; fileRef = 48955C611BEC77000063C372 /* eBookTests.m */; };
		48955C731BEC77400063C372 /* MainViewController.m in Sources */ = {isa = PBXBuildFile; fileRef = 48955C711BEC77400063C372 /* MainViewController.m */; };
		48955C741BEC77400063C372 /* MainViewController.xib in Resources */ = {isa = PBXBuildFile; fileRef = 48955C721BEC77400063C372 /* MainViewController.xib */; };
		48955C7A1BEC792F0063C372 /* hot.png in Resources */ = {isa = PBXBuildFile; fileRef = 48955C771BEC792F0063C372 /* hot.png */; };
		48955C7B1BEC792F0063C372 /* search.png in Resources */ = {isa = PBXBuildFile; fileRef = 48955C781BEC792F0063C372 /* search.png */; };
		48955C7C1BEC792F0063C372 /* setting.png in Resources */ = {isa = PBXBuildFile; fileRef = 48955C791BEC792F0063C372 /* setting.png */; };
		48955C7F1BEC7B5E0063C372 /* book.png in Resources */ = {isa = PBXBuildFile; fileRef = 48955C7E1BEC7B5E0063C372 /* book.png */; };
		48955C821BEC7C460063C372 /* BookView.m in Sources */ = {isa = PBXBuildFile; fileRef = 48955C801BEC7C460063C372 /* BookView.m */; };
		48955C841BEC843E0063C372 /* del.png in Resources */ = {isa = PBXBuildFile; fileRef = 48955C831BEC843E0063C372 /* del.png */; };
		48955C881BEC87660063C372 /* BookBriefViewController.m in Sources */ = {isa = PBXBuildFile; fileRef = 48955C861BEC87660063C372 /* BookBriefViewController.m */; };
		48955C891BEC87660063C372 /* BookBriefViewController.xib in Resources */ = {isa = PBXBuildFile; fileRef = 48955C871BEC87660063C372 /* BookBriefViewController.xib */; };
		48955C8D1BEC8C540063C372 /* HotTableViewCell.m in Sources */ = {isa = PBXBuildFile; fileRef = 48955C8B1BEC8C540063C372 /* HotTableViewCell.m */; };
		48955C8E1BEC8C540063C372 /* HotTableViewCell.xib in Resources */ = {isa = PBXBuildFile; fileRef = 48955C8C1BEC8C540063C372 /* HotTableViewCell.xib */; };
		48955C921BEC8FB20063C372 /* HotViewController.m in Sources */ = {isa = PBXBuildFile; fileRef = 48955C901BEC8FB20063C372 /* HotViewController.m */; };
		48955C931BEC8FB20063C372 /* HotViewController.xib in Resources */ = {isa = PBXBuildFile; fileRef = 48955C911BEC8FB20063C372 /* HotViewController.xib */; };
		48955C971BECBBDA0063C372 /* SettingViewController.m in Sources */ = {isa = PBXBuildFile; fileRef = 48955C951BECBBDA0063C372 /* SettingViewController.m */; };
		48955C981BECBBDA0063C372 /* SettingViewController.xib in Resources */ = {isa = PBXBuildFile; fileRef = 48955C961BECBBDA0063C372 /* SettingViewController.xib */; };
		48955C9B1BECBC8A0063C372 /* RadioGroup.m in Sources */ = {isa = PBXBuildFile; fileRef = 48955C991BECBC8A0063C372 /* RadioGroup.m */; };
		48955C9E1BECC3550063C372 /* GlobalSetting.m in Sources */ = {isa = PBXBuildFile; fileRef = 48955C9D1BECC3550063C372 /* GlobalSetting.m */; };
		48955CA21BECCACF0063C372 /* zhong.png in Resources */ = {isa = PBXBuildFile; fileRef = 48955C9F1BECCACF0063C372 /* zhong.png */; };
		48955CA31BECCACF0063C372 /* xiao.png in Resources */ = {isa = PBXBuildFile; fileRef = 48955CA01BECCACF0063C372 /* xiao.png */; };
		48955CA41BECCACF0063C372 /* da.png in Resources */ = {isa = PBXBuildFile; fileRef = 48955CA11BECCACF0063C372 /* da.png */; };
/* End PBXBuildFile section */

/* Begin PBXContainerItemProxy section */
		48955C5C1BEC77000063C372 /* PBXContainerItemProxy */ = {
			isa = PBXContainerItemProxy;
			containerPortal = 48955C3A1BEC77000063C372 /* Project object */;
			proxyType = 1;
			remoteGlobalIDString = 48955C411BEC77000063C372;
			remoteInfo = eBook;
		};
/* End PBXContainerItemProxy section */

/* Begin PBXFileReference section */
		484813C01BF486D3002B76D9 /* 1024.png */ = {isa = PBXFileReference; lastKnownFileType = image.png; path = 1024.png; sourceTree = "<group>"; };
		484813C11BF486D3002B76D9 /* 120.png */ = {isa = PBXFileReference; lastKnownFileType = image.png; path = 120.png; sourceTree = "<group>"; };
		484813C21BF486D3002B76D9 /* 180.png */ = {isa = PBXFileReference; lastKnownFileType = image.png; path = 180.png; sourceTree = "<group>"; };
		484813C31BF486D3002B76D9 /* 58.png */ = {isa = PBXFileReference; lastKnownFileType = image.png; path = 58.png; sourceTree = "<group>"; };
		484813C41BF486D3002B76D9 /* 80.png */ = {isa = PBXFileReference; lastKnownFileType = image.png; path = 80.png; sourceTree = "<group>"; };
		484813C51BF486D3002B76D9 /* 87.png */ = {isa = PBXFileReference; lastKnownFileType = image.png; path = 87.png; sourceTree = "<group>"; };
		484813C71BF486D3002B76D9 /* 4.png */ = {isa = PBXFileReference; lastKnownFileType = image.png; path = 4.png; sourceTree = "<group>"; };
		484813C81BF486D3002B76D9 /* 5.png */ = {isa = PBXFileReference; lastKnownFileType = image.png; path = 5.png; sourceTree = "<group>"; };
		484813C91BF486D3002B76D9 /* 6.png */ = {isa = PBXFileReference; lastKnownFileType = image.png; path = 6.png; sourceTree = "<group>"; };
		484813CA1BF486D3002B76D9 /* 6p.png */ = {isa = PBXFileReference; lastKnownFileType = image.png; path = 6p.png; sourceTree = "<group>"; };
		484813D51BF48853002B76D9 /* other.png */ = {isa = PBXFileReference; lastKnownFileType = image.png; path = other.png; sourceTree = "<group>"; };
		484813D71BF4B309002B76D9 /* add.png */ = {isa = PBXFileReference; lastKnownFileType = image.png; path = add.png; sourceTree = "<group>"; };
		4848DC761BED942700FDEB7C /* CommData.h */ = {isa = PBXFileReference; fileEncoding = 4; lastKnownFileType = sourcecode.c.h; path = CommData.h; sourceTree = "<group>"; };
		4848DC891BED9F0400FDEB7C /* BookPageViewController.h */ = {isa = PBXFileReference; fileEncoding = 4; lastKnownFileType = sourcecode.c.h; path = BookPageViewController.h; sourceTree = "<group>"; };
		4848DC8A1BED9F0400FDEB7C /* BookPageViewController.m */ = {isa = PBXFileReference; fileEncoding = 4; lastKnownFileType = sourcecode.c.objc; path = BookPageViewController.m; sourceTree = "<group>"; };
		4848DC8B1BED9F0400FDEB7C /* BookPageViewController.xib */ = {isa = PBXFileReference; fileEncoding = 4; lastKnownFileType = file.xib; path = BookPageViewController.xib; sourceTree = "<group>"; };
		4848DC8E1BED9FA900FDEB7C /* BookDetailViewController.h */ = {isa = PBXFileReference; fileEncoding = 4; lastKnownFileType = sourcecode.c.h; path = BookDetailViewController.h; sourceTree = "<group>"; };
		4848DC8F1BED9FA900FDEB7C /* BookDetailViewController.m */ = {isa = PBXFileReference; fileEncoding = 4; lastKnownFileType = sourcecode.c.objc; path = BookDetailViewController.m; sourceTree = "<group>"; };
		4848DC901BED9FA900FDEB7C /* BookDetailViewController.xib */ = {isa = PBXFileReference; fileEncoding = 4; lastKnownFileType = file.xib; path = BookDetailViewController.xib; sourceTree = "<group>"; };
		4848DC961BEDDDEB00FDEB7C /* SplitNSString.h */ = {isa = PBXFileReference; fileEncoding = 4; lastKnownFileType = sourcecode.c.h; path = SplitNSString.h; sourceTree = "<group>"; };
		4848DC971BEDDDEB00FDEB7C /* SplitNSString.m */ = {isa = PBXFileReference; fileEncoding = 4; lastKnownFileType = sourcecode.c.objc; path = SplitNSString.m; sourceTree = "<group>"; };
		4848DC991BEDF18200FDEB7C /* info.txt */ = {isa = PBXFileReference; fileEncoding = 4; lastKnownFileType = text; path = info.txt; sourceTree = "<group>"; };
		4848DC9B1BEE0EF400FDEB7C /* NavBack@2x.png */ = {isa = PBXFileReference; lastKnownFileType = image.png; path = "NavBack@2x.png"; sourceTree = "<group>"; };
		4848DC9D1BEE23B500FDEB7C /* sun.png */ = {isa = PBXFileReference; lastKnownFileType = image.png; path = sun.png; sourceTree = "<group>"; };
		4848DCB01BEE2DC100FDEB7C /* Common.h */ = {isa = PBXFileReference; fileEncoding = 4; lastKnownFileType = sourcecode.c.h; path = Common.h; sourceTree = "<group>"; };
		4848DCB21BEE2DC100FDEB7C /* crypt.h */ = {isa = PBXFileReference; fileEncoding = 4; lastKnownFileType = sourcecode.c.h; path = crypt.h; sourceTree = "<group>"; };
		4848DCB31BEE2DC100FDEB7C /* ioapi.c */ = {isa = PBXFileReference; fileEncoding = 4; lastKnownFileType = sourcecode.c.c; path = ioapi.c; sourceTree = "<group>"; };
		4848DCB41BEE2DC100FDEB7C /* ioapi.h */ = {isa = PBXFileReference; fileEncoding = 4; lastKnownFileType = sourcecode.c.h; path = ioapi.h; sourceTree = "<group>"; };
		4848DCB51BEE2DC100FDEB7C /* mztools.c */ = {isa = PBXFileReference; fileEncoding = 4; lastKnownFileType = sourcecode.c.c; path = mztools.c; sourceTree = "<group>"; };
		4848DCB61BEE2DC100FDEB7C /* mztools.h */ = {isa = PBXFileReference; fileEncoding = 4; lastKnownFileType = sourcecode.c.h; path = mztools.h; sourceTree = "<group>"; };
		4848DCB71BEE2DC100FDEB7C /* unzip.c */ = {isa = PBXFileReference; fileEncoding = 4; lastKnownFileType = sourcecode.c.c; path = unzip.c; sourceTree = "<group>"; };
		4848DCB81BEE2DC100FDEB7C /* unzip.h */ = {isa = PBXFileReference; fileEncoding = 4; lastKnownFileType = sourcecode.c.h; path = unzip.h; sourceTree = "<group>"; };
		4848DCB91BEE2DC100FDEB7C /* zip.c */ = {isa = PBXFileReference; fileEncoding = 4; lastKnownFileType = sourcecode.c.c; path = zip.c; sourceTree = "<group>"; };
		4848DCBA1BEE2DC100FDEB7C /* zip.h */ = {isa = PBXFileReference; fileEncoding = 4; lastKnownFileType = sourcecode.c.h; path = zip.h; sourceTree = "<group>"; };
		4848DCBB1BEE2DC100FDEB7C /* SSZipArchive.h */ = {isa = PBXFileReference; fileEncoding = 4; lastKnownFileType = sourcecode.c.h; path = SSZipArchive.h; sourceTree = "<group>"; };
		4848DCBC1BEE2DC100FDEB7C /* SSZipArchive.m */ = {isa = PBXFileReference; fileEncoding = 4; lastKnownFileType = sourcecode.c.objc; path = SSZipArchive.m; sourceTree = "<group>"; };
		4848DCC21BEE2E6600FDEB7C /* libz.dylib */ = {isa = PBXFileReference; lastKnownFileType = "compiled.mach-o.dylib"; name = libz.dylib; path = usr/lib/libz.dylib; sourceTree = SDKROOT; };
		4848DCC41BEEE7E300FDEB7C /* DownManager.h */ = {isa = PBXFileReference; fileEncoding = 4; lastKnownFileType = sourcecode.c.h; path = DownManager.h; sourceTree = "<group>"; };
		4848DCC51BEEE7E300FDEB7C /* DownManager.m */ = {isa = PBXFileReference; fileEncoding = 4; lastKnownFileType = sourcecode.c.objc; path = DownManager.m; sourceTree = "<group>"; };
		4848DCC71BEEEC5400FDEB7C /* FileManager.h */ = {isa = PBXFileReference; fileEncoding = 4; lastKnownFileType = sourcecode.c.h; path = FileManager.h; sourceTree = "<group>"; };
		4848DCC81BEEEC5400FDEB7C /* FileManager.m */ = {isa = PBXFileReference; fileEncoding = 4; lastKnownFileType = sourcecode.c.objc; path = FileManager.m; sourceTree = "<group>"; };
		4848DCCB1BEF3BEC00FDEB7C /* JSONKit.h */ = {isa = PBXFileReference; fileEncoding = 4; lastKnownFileType = sourcecode.c.h; path = JSONKit.h; sourceTree = "<group>"; };
		4848DCCC1BEF3BEC00FDEB7C /* JSONKit.m */ = {isa = PBXFileReference; fileEncoding = 4; lastKnownFileType = sourcecode.c.objc; path = JSONKit.m; sourceTree = "<group>"; };
		4848DCCE1BEF3CB000FDEB7C /* StructInfo.h */ = {isa = PBXFileReference; fileEncoding = 4; lastKnownFileType = sourcecode.c.h; path = StructInfo.h; sourceTree = "<group>"; };
		4848DCCF1BEF3CB000FDEB7C /* StructInfo.m */ = {isa = PBXFileReference; fileEncoding = 4; lastKnownFileType = sourcecode.c.objc; path = StructInfo.m; sourceTree = "<group>"; };
		4848DCD11BEF4D6700FDEB7C /* BookCategoryViewController.h */ = {isa = PBXFileReference; fileEncoding = 4; lastKnownFileType = sourcecode.c.h; path = BookCategoryViewController.h; sourceTree = "<group>"; };
		4848DCD21BEF4D6700FDEB7C /* BookCategoryViewController.m */ = {isa = PBXFileReference; fileEncoding = 4; lastKnownFileType = sourcecode.c.objc; path = BookCategoryViewController.m; sourceTree = "<group>"; };
		4848DCD31BEF4D6700FDEB7C /* BookCategoryViewController.xib */ = {isa = PBXFileReference; fileEncoding = 4; lastKnownFileType = file.xib; path = BookCategoryViewController.xib; sourceTree = "<group>"; };
		4848DCD61BEF516E00FDEB7C /* BookListViewController.h */ = {isa = PBXFileReference; fileEncoding = 4; lastKnownFileType = sourcecode.c.h; path = BookListViewController.h; sourceTree = "<group>"; };
		4848DCD71BEF516E00FDEB7C /* BookListViewController.m */ = {isa = PBXFileReference; fileEncoding = 4; lastKnownFileType = sourcecode.c.objc; path = BookListViewController.m; sourceTree = "<group>"; };
		4848DCD81BEF516E00FDEB7C /* BookListViewController.xib */ = {isa = PBXFileReference; fileEncoding = 4; lastKnownFileType = file.xib; path = BookListViewController.xib; sourceTree = "<group>"; };
		4848DCDB1BEF57B000FDEB7C /* BookListTableViewCell.h */ = {isa = PBXFileReference; fileEncoding = 4; lastKnownFileType = sourcecode.c.h; path = BookListTableViewCell.h; sourceTree = "<group>"; };
		4848DCDC1BEF57B000FDEB7C /* BookListTableViewCell.m */ = {isa = PBXFileReference; fileEncoding = 4; lastKnownFileType = sourcecode.c.objc; path = BookListTableViewCell.m; sourceTree = "<group>"; };
		4848DCDD1BEF57B000FDEB7C /* BookListTableViewCell.xib */ = {isa = PBXFileReference; fileEncoding = 4; lastKnownFileType = file.xib; path = BookListTableViewCell.xib; sourceTree = "<group>"; };
		4848DCE01BEF59FE00FDEB7C /* UIScrollView+UITouch.m */ = {isa = PBXFileReference; fileEncoding = 4; lastKnownFileType = sourcecode.c.objc; path = "UIScrollView+UITouch.m"; sourceTree = "<group>"; };
		4848DCE11BEF59FE00FDEB7C /* UIScrollView+UITouch.h */ = {isa = PBXFileReference; fileEncoding = 4; lastKnownFileType = sourcecode.c.h; path = "UIScrollView+UITouch.h"; sourceTree = "<group>"; };
		4848DCE71BEF649000FDEB7C /* SVIndefiniteAnimatedView.h */ = {isa = PBXFileReference; fileEncoding = 4; lastKnownFileType = sourcecode.c.h; path = SVIndefiniteAnimatedView.h; sourceTree = "<group>"; };
		4848DCE81BEF649000FDEB7C /* SVIndefiniteAnimatedView.m */ = {isa = PBXFileReference; fileEncoding = 4; lastKnownFileType = sourcecode.c.objc; path = SVIndefiniteAnimatedView.m; sourceTree = "<group>"; };
		4848DCE91BEF649000FDEB7C /* SVProgressHUD-Prefix.pch */ = {isa = PBXFileReference; fileEncoding = 4; lastKnownFileType = sourcecode.c.h; path = "SVProgressHUD-Prefix.pch"; sourceTree = "<group>"; };
		4848DCEA1BEF649000FDEB7C /* SVProgressHUD.bundle */ = {isa = PBXFileReference; lastKnownFileType = "wrapper.plug-in"; path = SVProgressHUD.bundle; sourceTree = "<group>"; };
		4848DCEB1BEF649000FDEB7C /* SVProgressHUD.h */ = {isa = PBXFileReference; fileEncoding = 4; lastKnownFileType = sourcecode.c.h; path = SVProgressHUD.h; sourceTree = "<group>"; };
		4848DCEC1BEF649000FDEB7C /* SVProgressHUD.m */ = {isa = PBXFileReference; fileEncoding = 4; lastKnownFileType = sourcecode.c.objc; path = SVProgressHUD.m; sourceTree = "<group>"; };
		4848DCF11BF048CC00FDEB7C /* MKAnnotationView+WebCache.h */ = {isa = PBXFileReference; fileEncoding = 4; lastKnownFileType = sourcecode.c.h; path = "MKAnnotationView+WebCache.h"; sourceTree = "<group>"; };
		4848DCF21BF048CC00FDEB7C /* MKAnnotationView+WebCache.m */ = {isa = PBXFileReference; fileEncoding = 4; lastKnownFileType = sourcecode.c.objc; path = "MKAnnotationView+WebCache.m"; sourceTree = "<group>"; };
		4848DCF31BF048CC00FDEB7C /* NSData+ImageContentType.h */ = {isa = PBXFileReference; fileEncoding = 4; lastKnownFileType = sourcecode.c.h; path = "NSData+ImageContentType.h"; sourceTree = "<group>"; };
		4848DCF41BF048CC00FDEB7C /* NSData+ImageContentType.m */ = {isa = PBXFileReference; fileEncoding = 4; lastKnownFileType = sourcecode.c.objc; path = "NSData+ImageContentType.m"; sourceTree = "<group>"; };
		4848DCF51BF048CC00FDEB7C /* SDImageCache.h */ = {isa = PBXFileReference; fileEncoding = 4; lastKnownFileType = sourcecode.c.h; path = SDImageCache.h; sourceTree = "<group>"; };
		4848DCF61BF048CC00FDEB7C /* SDImageCache.m */ = {isa = PBXFileReference; fileEncoding = 4; lastKnownFileType = sourcecode.c.objc; path = SDImageCache.m; sourceTree = "<group>"; };
		4848DCF71BF048CC00FDEB7C /* SDWebImageCompat.h */ = {isa = PBXFileReference; fileEncoding = 4; lastKnownFileType = sourcecode.c.h; path = SDWebImageCompat.h; sourceTree = "<group>"; };
		4848DCF81BF048CC00FDEB7C /* SDWebImageCompat.m */ = {isa = PBXFileReference; fileEncoding = 4; lastKnownFileType = sourcecode.c.objc; path = SDWebImageCompat.m; sourceTree = "<group>"; };
		4848DCF91BF048CC00FDEB7C /* SDWebImageDecoder.h */ = {isa = PBXFileReference; fileEncoding = 4; lastKnownFileType = sourcecode.c.h; path = SDWebImageDecoder.h; sourceTree = "<group>"; };
		4848DCFA1BF048CC00FDEB7C /* SDWebImageDecoder.m */ = {isa = PBXFileReference; fileEncoding = 4; lastKnownFileType = sourcecode.c.objc; path = SDWebImageDecoder.m; sourceTree = "<group>"; };
		4848DCFB1BF048CC00FDEB7C /* SDWebImageDownloader.h */ = {isa = PBXFileReference; fileEncoding = 4; lastKnownFileType = sourcecode.c.h; path = SDWebImageDownloader.h; sourceTree = "<group>"; };
		4848DCFC1BF048CC00FDEB7C /* SDWebImageDownloader.m */ = {isa = PBXFileReference; fileEncoding = 4; lastKnownFileType = sourcecode.c.objc; path = SDWebImageDownloader.m; sourceTree = "<group>"; };
		4848DCFD1BF048CC00FDEB7C /* SDWebImageDownloaderOperation.h */ = {isa = PBXFileReference; fileEncoding = 4; lastKnownFileType = sourcecode.c.h; path = SDWebImageDownloaderOperation.h; sourceTree = "<group>"; };
		4848DCFE1BF048CC00FDEB7C /* SDWebImageDownloaderOperation.m */ = {isa = PBXFileReference; fileEncoding = 4; lastKnownFileType = sourcecode.c.objc; path = SDWebImageDownloaderOperation.m; sourceTree = "<group>"; };
		4848DCFF1BF048CC00FDEB7C /* SDWebImageManager.h */ = {isa = PBXFileReference; fileEncoding = 4; lastKnownFileType = sourcecode.c.h; path = SDWebImageManager.h; sourceTree = "<group>"; };
		4848DD001BF048CC00FDEB7C /* SDWebImageManager.m */ = {isa = PBXFileReference; fileEncoding = 4; lastKnownFileType = sourcecode.c.objc; path = SDWebImageManager.m; sourceTree = "<group>"; };
		4848DD011BF048CC00FDEB7C /* SDWebImageOperation.h */ = {isa = PBXFileReference; fileEncoding = 4; lastKnownFileType = sourcecode.c.h; path = SDWebImageOperation.h; sourceTree = "<group>"; };
		4848DD021BF048CC00FDEB7C /* SDWebImagePrefetcher.h */ = {isa = PBXFileReference; fileEncoding = 4; lastKnownFileType = sourcecode.c.h; path = SDWebImagePrefetcher.h; sourceTree = "<group>"; };
		4848DD031BF048CC00FDEB7C /* SDWebImagePrefetcher.m */ = {isa = PBXFileReference; fileEncoding = 4; lastKnownFileType = sourcecode.c.objc; path = SDWebImagePrefetcher.m; sourceTree = "<group>"; };
		4848DD041BF048CC00FDEB7C /* UIButton+WebCache.h */ = {isa = PBXFileReference; fileEncoding = 4; lastKnownFileType = sourcecode.c.h; path = "UIButton+WebCache.h"; sourceTree = "<group>"; };
		4848DD051BF048CC00FDEB7C /* UIButton+WebCache.m */ = {isa = PBXFileReference; fileEncoding = 4; lastKnownFileType = sourcecode.c.objc; path = "UIButton+WebCache.m"; sourceTree = "<group>"; };
		4848DD061BF048CC00FDEB7C /* UIImage+GIF.h */ = {isa = PBXFileReference; fileEncoding = 4; lastKnownFileType = sourcecode.c.h; path = "UIImage+GIF.h"; sourceTree = "<group>"; };
		4848DD071BF048CC00FDEB7C /* UIImage+GIF.m */ = {isa = PBXFileReference; fileEncoding = 4; lastKnownFileType = sourcecode.c.objc; path = "UIImage+GIF.m"; sourceTree = "<group>"; };
		4848DD081BF048CC00FDEB7C /* UIImage+MultiFormat.h */ = {isa = PBXFileReference; fileEncoding = 4; lastKnownFileType = sourcecode.c.h; path = "UIImage+MultiFormat.h"; sourceTree = "<group>"; };
		4848DD091BF048CC00FDEB7C /* UIImage+MultiFormat.m */ = {isa = PBXFileReference; fileEncoding = 4; lastKnownFileType = sourcecode.c.objc; path = "UIImage+MultiFormat.m"; sourceTree = "<group>"; };
		4848DD0A1BF048CC00FDEB7C /* UIImage+WebP.h */ = {isa = PBXFileReference; fileEncoding = 4; lastKnownFileType = sourcecode.c.h; path = "UIImage+WebP.h"; sourceTree = "<group>"; };
		4848DD0B1BF048CC00FDEB7C /* UIImage+WebP.m */ = {isa = PBXFileReference; fileEncoding = 4; lastKnownFileType = sourcecode.c.objc; path = "UIImage+WebP.m"; sourceTree = "<group>"; };
		4848DD0C1BF048CC00FDEB7C /* UIImageView+HighlightedWebCache.h */ = {isa = PBXFileReference; fileEncoding = 4; lastKnownFileType = sourcecode.c.h; path = "UIImageView+HighlightedWebCache.h"; sourceTree = "<group>"; };
		4848DD0D1BF048CC00FDEB7C /* UIImageView+HighlightedWebCache.m */ = {isa = PBXFileReference; fileEncoding = 4; lastKnownFileType = sourcecode.c.objc; path = "UIImageView+HighlightedWebCache.m"; sourceTree = "<group>"; };
		4848DD0E1BF048CC00FDEB7C /* UIImageView+WebCache.h */ = {isa = PBXFileReference; fileEncoding = 4; lastKnownFileType = sourcecode.c.h; path = "UIImageView+WebCache.h"; sourceTree = "<group>"; };
		4848DD0F1BF048CC00FDEB7C /* UIImageView+WebCache.m */ = {isa = PBXFileReference; fileEncoding = 4; lastKnownFileType = sourcecode.c.objc; path = "UIImageView+WebCache.m"; sourceTree = "<group>"; };
		4848DD101BF048CC00FDEB7C /* UIView+WebCacheOperation.h */ = {isa = PBXFileReference; fileEncoding = 4; lastKnownFileType = sourcecode.c.h; path = "UIView+WebCacheOperation.h"; sourceTree = "<group>"; };
		4848DD111BF048CC00FDEB7C /* UIView+WebCacheOperation.m */ = {isa = PBXFileReference; fileEncoding = 4; lastKnownFileType = sourcecode.c.objc; path = "UIView+WebCacheOperation.m"; sourceTree = "<group>"; };
		4848DD221BF07D8700FDEB7C /* BookBriefTableCell.h */ = {isa = PBXFileReference; fileEncoding = 4; lastKnownFileType = sourcecode.c.h; path = BookBriefTableCell.h; sourceTree = "<group>"; };
		4848DD231BF07D8700FDEB7C /* BookBriefTableCell.m */ = {isa = PBXFileReference; fileEncoding = 4; lastKnownFileType = sourcecode.c.objc; path = BookBriefTableCell.m; sourceTree = "<group>"; };
		4848DD241BF07D8700FDEB7C /* BookBriefTableCell.xib */ = {isa = PBXFileReference; fileEncoding = 4; lastKnownFileType = file.xib; path = BookBriefTableCell.xib; sourceTree = "<group>"; };
		4848DD281BF1BA1200FDEB7C /* gycy.png */ = {isa = PBXFileReference; lastKnownFileType = image.png; path = gycy.png; sourceTree = "<group>"; };
		4848DD291BF1BA1200FDEB7C /* lmqc.png */ = {isa = PBXFileReference; lastKnownFileType = image.png; path = lmqc.png; sourceTree = "<group>"; };
		4848DD2A1BF1BA1200FDEB7C /* wxxx.png */ = {isa = PBXFileReference; lastKnownFileType = image.png; path = wxxx.png; sourceTree = "<group>"; };
		4848DD2B1BF1BA1200FDEB7C /* xdyq.png */ = {isa = PBXFileReference; lastKnownFileType = image.png; path = xdyq.png; sourceTree = "<group>"; };
		4848DD2C1BF1BA1200FDEB7C /* xyly.png */ = {isa = PBXFileReference; lastKnownFileType = image.png; path = xyly.png; sourceTree = "<group>"; };
		4848DD321BF1CE0800FDEB7C /* UINavigationBar+CustomHeight.h */ = {isa = PBXFileReference; fileEncoding = 4; lastKnownFileType = sourcecode.c.h; path = "UINavigationBar+CustomHeight.h"; sourceTree = "<group>"; };
		4848DD331BF1CE0800FDEB7C /* UINavigationBar+CustomHeight.m */ = {isa = PBXFileReference; fileEncoding = 4; lastKnownFileType = sourcecode.c.objc; path = "UINavigationBar+CustomHeight.m"; sourceTree = "<group>"; };
		4848DD351BF20E9F00FDEB7C /* BaseViewController.h */ = {isa = PBXFileReference; fileEncoding = 4; lastKnownFileType = sourcecode.c.h; path = BaseViewController.h; sourceTree = "<group>"; };
		4848DD361BF20E9F00FDEB7C /* BaseViewController.m */ = {isa = PBXFileReference; fileEncoding = 4; lastKnownFileType = sourcecode.c.objc; path = BaseViewController.m; sourceTree = "<group>"; };
		4848DD381BF2DBA500FDEB7C /* book_bg_2.png */ = {isa = PBXFileReference; lastKnownFileType = image.png; path = book_bg_2.png; sourceTree = "<group>"; };
		4848DD391BF2DBA500FDEB7C /* book_bg_1.png */ = {isa = PBXFileReference; lastKnownFileType = image.png; path = book_bg_1.png; sourceTree = "<group>"; };
		4848DD3C1BF2E0C600FDEB7C /* text_bg_1.png */ = {isa = PBXFileReference; lastKnownFileType = image.png; path = text_bg_1.png; sourceTree = "<group>"; };
		4848DD3D1BF2E0C600FDEB7C /* text_bg_2.png */ = {isa = PBXFileReference; lastKnownFileType = image.png; path = text_bg_2.png; sourceTree = "<group>"; };
		4848DD3E1BF2E0C600FDEB7C /* text_bg_3.png */ = {isa = PBXFileReference; lastKnownFileType = image.png; path = text_bg_3.png; sourceTree = "<group>"; };
		4848DD3F1BF2E0C600FDEB7C /* text_bg_4.png */ = {isa = PBXFileReference; lastKnownFileType = image.png; path = text_bg_4.png; sourceTree = "<group>"; };
		4848DD401BF2E0C600FDEB7C /* text_bg_5.png */ = {isa = PBXFileReference; lastKnownFileType = image.png; path = text_bg_5.png; sourceTree = "<group>"; };
		4848DD461BF316A000FDEB7C /* text_bg_6.png */ = {isa = PBXFileReference; lastKnownFileType = image.png; path = text_bg_6.png; sourceTree = "<group>"; };
		4848DD471BF316A000FDEB7C /* text_bg_7.png */ = {isa = PBXFileReference; lastKnownFileType = image.png; path = text_bg_7.png; sourceTree = "<group>"; };
		4848DD4A1BF323A200FDEB7C /* te.png */ = {isa = PBXFileReference; lastKnownFileType = image.png; path = te.png; sourceTree = "<group>"; };
		4848DD4C1BF32ED000FDEB7C /* setting2.png */ = {isa = PBXFileReference; lastKnownFileType = image.png; path = setting2.png; sourceTree = "<group>"; };
		4848DD4E1BF333FC00FDEB7C /* text_bg_show_1.png */ = {isa = PBXFileReference; lastKnownFileType = image.png; path = text_bg_show_1.png; sourceTree = "<group>"; };
		4848DD4F1BF333FC00FDEB7C /* text_bg_show_2.png */ = {isa = PBXFileReference; lastKnownFileType = image.png; path = text_bg_show_2.png; sourceTree = "<group>"; };
		4848DD501BF333FC00FDEB7C /* text_bg_show_3.png */ = {isa = PBXFileReference; lastKnownFileType = image.png; path = text_bg_show_3.png; sourceTree = "<group>"; };
		4848DD511BF333FC00FDEB7C /* text_bg_show_4.png */ = {isa = PBXFileReference; lastKnownFileType = image.png; path = text_bg_show_4.png; sourceTree = "<group>"; };
		4848DD521BF333FC00FDEB7C /* text_bg_show_5.png */ = {isa = PBXFileReference; lastKnownFileType = image.png; path = text_bg_show_5.png; sourceTree = "<group>"; };
		4848DD531BF333FC00FDEB7C /* text_bg_show_6.png */ = {isa = PBXFileReference; lastKnownFileType = image.png; path = text_bg_show_6.png; sourceTree = "<group>"; };
		4848DD541BF333FC00FDEB7C /* text_bg_show_7.png */ = {isa = PBXFileReference; lastKnownFileType = image.png; path = text_bg_show_7.png; sourceTree = "<group>"; };
		4848DD5D1BF366F900FDEB7C /* moom.png */ = {isa = PBXFileReference; lastKnownFileType = image.png; path = moom.png; sourceTree = "<group>"; };
		4848DD611BF36A1600FDEB7C /* BaiduMobAdCommonConfig.h */ = {isa = PBXFileReference; fileEncoding = 4; lastKnownFileType = sourcecode.c.h; path = BaiduMobAdCommonConfig.h; sourceTree = "<group>"; };
		4848DD621BF36A1600FDEB7C /* BaiduMobAdDelegateProtocol.h */ = {isa = PBXFileReference; fileEncoding = 4; lastKnownFileType = sourcecode.c.h; path = BaiduMobAdDelegateProtocol.h; sourceTree = "<group>"; };
		4848DD631BF36A1600FDEB7C /* BaiduMobAdInterstitial.h */ = {isa = PBXFileReference; fileEncoding = 4; lastKnownFileType = sourcecode.c.h; path = BaiduMobAdInterstitial.h; sourceTree = "<group>"; };
		4848DD641BF36A1600FDEB7C /* BaiduMobAdInterstitialDelegate.h */ = {isa = PBXFileReference; fileEncoding = 4; lastKnownFileType = sourcecode.c.h; path = BaiduMobAdInterstitialDelegate.h; sourceTree = "<group>"; };
		4848DD651BF36A1600FDEB7C /* BaiduMobAdRecommendDelegateProtocol.h */ = {isa = PBXFileReference; fileEncoding = 4; lastKnownFileType = sourcecode.c.h; path = BaiduMobAdRecommendDelegateProtocol.h; sourceTree = "<group>"; };
		4848DD661BF36A1600FDEB7C /* BaiduMobAdRecommendIcon.h */ = {isa = PBXFileReference; fileEncoding = 4; lastKnownFileType = sourcecode.c.h; path = BaiduMobAdRecommendIcon.h; sourceTree = "<group>"; };
		4848DD671BF36A1600FDEB7C /* baidumobadsdk.bundle */ = {isa = PBXFileReference; lastKnownFileType = "wrapper.plug-in"; path = baidumobadsdk.bundle; sourceTree = "<group>"; };
		4848DD681BF36A1600FDEB7C /* BaiduMobAdSplash.h */ = {isa = PBXFileReference; fileEncoding = 4; lastKnownFileType = sourcecode.c.h; path = BaiduMobAdSplash.h; sourceTree = "<group>"; };
		4848DD691BF36A1600FDEB7C /* BaiduMobAdSplashDelegate.h */ = {isa = PBXFileReference; fileEncoding = 4; lastKnownFileType = sourcecode.c.h; path = BaiduMobAdSplashDelegate.h; sourceTree = "<group>"; };
		4848DD6A1BF36A1600FDEB7C /* BaiduMobAdVideoDelegate.h */ = {isa = PBXFileReference; fileEncoding = 4; lastKnownFileType = sourcecode.c.h; path = BaiduMobAdVideoDelegate.h; sourceTree = "<group>"; };
		4848DD6B1BF36A1600FDEB7C /* BaiduMobAdVideoView.h */ = {isa = PBXFileReference; fileEncoding = 4; lastKnownFileType = sourcecode.c.h; path = BaiduMobAdVideoView.h; sourceTree = "<group>"; };
		4848DD6C1BF36A1600FDEB7C /* BaiduMobAdView.h */ = {isa = PBXFileReference; fileEncoding = 4; lastKnownFileType = sourcecode.c.h; path = BaiduMobAdView.h; sourceTree = "<group>"; };
		4848DD6D1BF36A1600FDEB7C /* libBaiduMobAdSdk64bit.a */ = {isa = PBXFileReference; lastKnownFileType = archive.ar; path = libBaiduMobAdSdk64bit.a; sourceTree = "<group>"; };
		4848DD701BF36C0A00FDEB7C /* QuartzCore.framework */ = {isa = PBXFileReference; lastKnownFileType = wrapper.framework; name = QuartzCore.framework; path = System/Library/Frameworks/QuartzCore.framework; sourceTree = SDKROOT; };
		4848DD721BF36C0F00FDEB7C /* Security.framework */ = {isa = PBXFileReference; lastKnownFileType = wrapper.framework; name = Security.framework; path = System/Library/Frameworks/Security.framework; sourceTree = SDKROOT; };
		4848DD741BF36C1400FDEB7C /* AdSupport.framework */ = {isa = PBXFileReference; lastKnownFileType = wrapper.framework; name = AdSupport.framework; path = System/Library/Frameworks/AdSupport.framework; sourceTree = SDKROOT; };
		4848DD761BF36C1B00FDEB7C /* StoreKit.framework */ = {isa = PBXFileReference; lastKnownFileType = wrapper.framework; name = StoreKit.framework; path = System/Library/Frameworks/StoreKit.framework; sourceTree = SDKROOT; };
		4848DD781BF36C2300FDEB7C /* AudioToolbox.framework */ = {isa = PBXFileReference; lastKnownFileType = wrapper.framework; name = AudioToolbox.framework; path = System/Library/Frameworks/AudioToolbox.framework; sourceTree = SDKROOT; };
		4848DD7A1BF36C3000FDEB7C /* CoreMotion.framework */ = {isa = PBXFileReference; lastKnownFileType = wrapper.framework; name = CoreMotion.framework; path = System/Library/Frameworks/CoreMotion.framework; sourceTree = SDKROOT; };
		4848DD7C1BF36C3500FDEB7C /* MediaPlayer.framework */ = {isa = PBXFileReference; lastKnownFileType = wrapper.framework; name = MediaPlayer.framework; path = System/Library/Frameworks/MediaPlayer.framework; sourceTree = SDKROOT; };
		4848DD7E1BF36C3A00FDEB7C /* AVFoundation.framework */ = {isa = PBXFileReference; lastKnownFileType = wrapper.framework; name = AVFoundation.framework; path = System/Library/Frameworks/AVFoundation.framework; sourceTree = SDKROOT; };
		4848DD801BF36C4300FDEB7C /* MessageUI.framework */ = {isa = PBXFileReference; lastKnownFileType = wrapper.framework; name = MessageUI.framework; path = System/Library/Frameworks/MessageUI.framework; sourceTree = SDKROOT; };
		4848DD821BF36C4900FDEB7C /* CoreLocation.framework */ = {isa = PBXFileReference; lastKnownFileType = wrapper.framework; name = CoreLocation.framework; path = System/Library/Frameworks/CoreLocation.framework; sourceTree = SDKROOT; };
		4848DD841BF36C5000FDEB7C /* libstdc++.dylib */ = {isa = PBXFileReference; lastKnownFileType = "compiled.mach-o.dylib"; name = "libstdc++.dylib"; path = "usr/lib/libstdc++.dylib"; sourceTree = SDKROOT; };
		4848DD861BF36C5800FDEB7C /* CoreTelephony.framework */ = {isa = PBXFileReference; lastKnownFileType = wrapper.framework; name = CoreTelephony.framework; path = System/Library/Frameworks/CoreTelephony.framework; sourceTree = SDKROOT; };
		4848DD881BF36C6300FDEB7C /* SystemConfiguration.framework */ = {isa = PBXFileReference; lastKnownFileType = wrapper.framework; name = SystemConfiguration.framework; path = System/Library/Frameworks/SystemConfiguration.framework; sourceTree = SDKROOT; };
		4848DD8A1BF36C7300FDEB7C /* UIKit.framework */ = {isa = PBXFileReference; lastKnownFileType = wrapper.framework; name = UIKit.framework; path = System/Library/Frameworks/UIKit.framework; sourceTree = SDKROOT; };
		4848DD8C1BF36C7800FDEB7C /* Foundation.framework */ = {isa = PBXFileReference; lastKnownFileType = wrapper.framework; name = Foundation.framework; path = System/Library/Frameworks/Foundation.framework; sourceTree = SDKROOT; };
		4848DD8E1BF36C7D00FDEB7C /* CoreGraphics.framework */ = {isa = PBXFileReference; lastKnownFileType = wrapper.framework; name = CoreGraphics.framework; path = System/Library/Frameworks/CoreGraphics.framework; sourceTree = SDKROOT; };
		4848DD901BF36F2700FDEB7C /* OtherViewController.h */ = {isa = PBXFileReference; fileEncoding = 4; lastKnownFileType = sourcecode.c.h; path = OtherViewController.h; sourceTree = "<group>"; };
		4848DD911BF36F2700FDEB7C /* OtherViewController.m */ = {isa = PBXFileReference; fileEncoding = 4; lastKnownFileType = sourcecode.c.objc; path = OtherViewController.m; sourceTree = "<group>"; };
		4848DD921BF36F2700FDEB7C /* OtherViewController.xib */ = {isa = PBXFileReference; fileEncoding = 4; lastKnownFileType = file.xib; path = OtherViewController.xib; sourceTree = "<group>"; };
		48955C421BEC77000063C372 /* eBook.app */ = {isa = PBXFileReference; explicitFileType = wrapper.application; includeInIndex = 0; path = eBook.app; sourceTree = BUILT_PRODUCTS_DIR; };
		48955C461BEC77000063C372 /* Info.plist */ = {isa = PBXFileReference; lastKnownFileType = text.plist.xml; path = Info.plist; sourceTree = "<group>"; };
		48955C471BEC77000063C372 /* main.m */ = {isa = PBXFileReference; lastKnownFileType = sourcecode.c.objc; path = main.m; sourceTree = "<group>"; };
		48955C491BEC77000063C372 /* AppDelegate.h */ = {isa = PBXFileReference; lastKnownFileType = sourcecode.c.h; path = AppDelegate.h; sourceTree = "<group>"; };
		48955C4A1BEC77000063C372 /* AppDelegate.m */ = {isa = PBXFileReference; lastKnownFileType = sourcecode.c.objc; path = AppDelegate.m; sourceTree = "<group>"; };
		48955C4C1BEC77000063C372 /* ViewController.h */ = {isa = PBXFileReference; lastKnownFileType = sourcecode.c.h; path = ViewController.h; sourceTree = "<group>"; };
		48955C4D1BEC77000063C372 /* ViewController.m */ = {isa = PBXFileReference; lastKnownFileType = sourcecode.c.objc; path = ViewController.m; sourceTree = "<group>"; };
		48955C501BEC77000063C372 /* Base */ = {isa = PBXFileReference; lastKnownFileType = file.storyboard; name = Base; path = Base.lproj/Main.storyboard; sourceTree = "<group>"; };
		48955C521BEC77000063C372 /* Images.xcassets */ = {isa = PBXFileReference; lastKnownFileType = folder.assetcatalog; path = Images.xcassets; sourceTree = "<group>"; };
		48955C551BEC77000063C372 /* Base */ = {isa = PBXFileReference; lastKnownFileType = file.xib; name = Base; path = Base.lproj/LaunchScreen.xib; sourceTree = "<group>"; };
		48955C5B1BEC77000063C372 /* eBookTests.xctest */ = {isa = PBXFileReference; explicitFileType = wrapper.cfbundle; includeInIndex = 0; path = eBookTests.xctest; sourceTree = BUILT_PRODUCTS_DIR; };
		48955C601BEC77000063C372 /* Info.plist */ = {isa = PBXFileReference; lastKnownFileType = text.plist.xml; path = Info.plist; sourceTree = "<group>"; };
		48955C611BEC77000063C372 /* eBookTests.m */ = {isa = PBXFileReference; lastKnownFileType = sourcecode.c.objc; path = eBookTests.m; sourceTree = "<group>"; };
		48955C701BEC77400063C372 /* MainViewController.h */ = {isa = PBXFileReference; fileEncoding = 4; lastKnownFileType = sourcecode.c.h; path = MainViewController.h; sourceTree = "<group>"; };
		48955C711BEC77400063C372 /* MainViewController.m */ = {isa = PBXFileReference; fileEncoding = 4; lastKnownFileType = sourcecode.c.objc; path = MainViewController.m; sourceTree = "<group>"; };
		48955C721BEC77400063C372 /* MainViewController.xib */ = {isa = PBXFileReference; fileEncoding = 4; lastKnownFileType = file.xib; path = MainViewController.xib; sourceTree = "<group>"; };
		48955C771BEC792F0063C372 /* hot.png */ = {isa = PBXFileReference; lastKnownFileType = image.png; path = hot.png; sourceTree = "<group>"; };
		48955C781BEC792F0063C372 /* search.png */ = {isa = PBXFileReference; lastKnownFileType = image.png; path = search.png; sourceTree = "<group>"; };
		48955C791BEC792F0063C372 /* setting.png */ = {isa = PBXFileReference; lastKnownFileType = image.png; path = setting.png; sourceTree = "<group>"; };
		48955C7E1BEC7B5E0063C372 /* book.png */ = {isa = PBXFileReference; lastKnownFileType = image.png; path = book.png; sourceTree = "<group>"; };
		48955C801BEC7C460063C372 /* BookView.m */ = {isa = PBXFileReference; fileEncoding = 4; lastKnownFileType = sourcecode.c.objc; path = BookView.m; sourceTree = "<group>"; };
		48955C811BEC7C460063C372 /* BookView.h */ = {isa = PBXFileReference; fileEncoding = 4; lastKnownFileType = sourcecode.c.h; path = BookView.h; sourceTree = "<group>"; };
		48955C831BEC843E0063C372 /* del.png */ = {isa = PBXFileReference; lastKnownFileType = image.png; path = del.png; sourceTree = "<group>"; };
		48955C851BEC87660063C372 /* BookBriefViewController.h */ = {isa = PBXFileReference; fileEncoding = 4; lastKnownFileType = sourcecode.c.h; path = BookBriefViewController.h; sourceTree = "<group>"; };
		48955C861BEC87660063C372 /* BookBriefViewController.m */ = {isa = PBXFileReference; fileEncoding = 4; lastKnownFileType = sourcecode.c.objc; path = BookBriefViewController.m; sourceTree = "<group>"; };
		48955C871BEC87660063C372 /* BookBriefViewController.xib */ = {isa = PBXFileReference; fileEncoding = 4; lastKnownFileType = file.xib; path = BookBriefViewController.xib; sourceTree = "<group>"; };
		48955C8A1BEC8C540063C372 /* HotTableViewCell.h */ = {isa = PBXFileReference; fileEncoding = 4; lastKnownFileType = sourcecode.c.h; path = HotTableViewCell.h; sourceTree = "<group>"; };
		48955C8B1BEC8C540063C372 /* HotTableViewCell.m */ = {isa = PBXFileReference; fileEncoding = 4; lastKnownFileType = sourcecode.c.objc; path = HotTableViewCell.m; sourceTree = "<group>"; };
		48955C8C1BEC8C540063C372 /* HotTableViewCell.xib */ = {isa = PBXFileReference; fileEncoding = 4; lastKnownFileType = file.xib; path = HotTableViewCell.xib; sourceTree = "<group>"; };
		48955C8F1BEC8FB20063C372 /* HotViewController.h */ = {isa = PBXFileReference; fileEncoding = 4; lastKnownFileType = sourcecode.c.h; path = HotViewController.h; sourceTree = "<group>"; };
		48955C901BEC8FB20063C372 /* HotViewController.m */ = {isa = PBXFileReference; fileEncoding = 4; lastKnownFileType = sourcecode.c.objc; path = HotViewController.m; sourceTree = "<group>"; };
		48955C911BEC8FB20063C372 /* HotViewController.xib */ = {isa = PBXFileReference; fileEncoding = 4; lastKnownFileType = file.xib; path = HotViewController.xib; sourceTree = "<group>"; };
		48955C941BECBBDA0063C372 /* SettingViewController.h */ = {isa = PBXFileReference; fileEncoding = 4; lastKnownFileType = sourcecode.c.h; path = SettingViewController.h; sourceTree = "<group>"; };
		48955C951BECBBDA0063C372 /* SettingViewController.m */ = {isa = PBXFileReference; fileEncoding = 4; lastKnownFileType = sourcecode.c.objc; path = SettingViewController.m; sourceTree = "<group>"; };
		48955C961BECBBDA0063C372 /* SettingViewController.xib */ = {isa = PBXFileReference; fileEncoding = 4; lastKnownFileType = file.xib; path = SettingViewController.xib; sourceTree = "<group>"; };
		48955C991BECBC8A0063C372 /* RadioGroup.m */ = {isa = PBXFileReference; fileEncoding = 4; lastKnownFileType = sourcecode.c.objc; path = RadioGroup.m; sourceTree = "<group>"; };
		48955C9A1BECBC8A0063C372 /* RadioGroup.h */ = {isa = PBXFileReference; fileEncoding = 4; lastKnownFileType = sourcecode.c.h; path = RadioGroup.h; sourceTree = "<group>"; };
		48955C9C1BECC3550063C372 /* GlobalSetting.h */ = {isa = PBXFileReference; fileEncoding = 4; lastKnownFileType = sourcecode.c.h; path = GlobalSetting.h; sourceTree = "<group>"; };
		48955C9D1BECC3550063C372 /* GlobalSetting.m */ = {isa = PBXFileReference; fileEncoding = 4; lastKnownFileType = sourcecode.c.objc; path = GlobalSetting.m; sourceTree = "<group>"; };
		48955C9F1BECCACF0063C372 /* zhong.png */ = {isa = PBXFileReference; lastKnownFileType = image.png; path = zhong.png; sourceTree = "<group>"; };
		48955CA01BECCACF0063C372 /* xiao.png */ = {isa = PBXFileReference; lastKnownFileType = image.png; path = xiao.png; sourceTree = "<group>"; };
		48955CA11BECCACF0063C372 /* da.png */ = {isa = PBXFileReference; lastKnownFileType = image.png; path = da.png; sourceTree = "<group>"; };
/* End PBXFileReference section */

/* Begin PBXFrameworksBuildPhase section */
		48955C3F1BEC77000063C372 /* Frameworks */ = {
			isa = PBXFrameworksBuildPhase;
			buildActionMask = 2147483647;
			files = (
				4848DD8F1BF36C7D00FDEB7C /* CoreGraphics.framework in Frameworks */,
				4848DD8D1BF36C7800FDEB7C /* Foundation.framework in Frameworks */,
				4848DD8B1BF36C7300FDEB7C /* UIKit.framework in Frameworks */,
				4848DD891BF36C6300FDEB7C /* SystemConfiguration.framework in Frameworks */,
				4848DD871BF36C5800FDEB7C /* CoreTelephony.framework in Frameworks */,
				4848DD851BF36C5000FDEB7C /* libstdc++.dylib in Frameworks */,
				4848DD831BF36C4900FDEB7C /* CoreLocation.framework in Frameworks */,
				4848DD811BF36C4300FDEB7C /* MessageUI.framework in Frameworks */,
				4848DD7F1BF36C3A00FDEB7C /* AVFoundation.framework in Frameworks */,
				4848DD7D1BF36C3500FDEB7C /* MediaPlayer.framework in Frameworks */,
				4848DD7B1BF36C3000FDEB7C /* CoreMotion.framework in Frameworks */,
				4848DD791BF36C2300FDEB7C /* AudioToolbox.framework in Frameworks */,
				4848DD771BF36C1B00FDEB7C /* StoreKit.framework in Frameworks */,
				4848DD751BF36C1400FDEB7C /* AdSupport.framework in Frameworks */,
				4848DD731BF36C0F00FDEB7C /* Security.framework in Frameworks */,
				4848DD711BF36C0A00FDEB7C /* QuartzCore.framework in Frameworks */,
				4848DD6F1BF36A1600FDEB7C /* libBaiduMobAdSdk64bit.a in Frameworks */,
				4848DCC31BEE2E6600FDEB7C /* libz.dylib in Frameworks */,
			);
			runOnlyForDeploymentPostprocessing = 0;
		};
		48955C581BEC77000063C372 /* Frameworks */ = {
			isa = PBXFrameworksBuildPhase;
			buildActionMask = 2147483647;
			files = (
			);
			runOnlyForDeploymentPostprocessing = 0;
		};
/* End PBXFrameworksBuildPhase section */

/* Begin PBXGroup section */
		484813BF1BF486D3002B76D9 /* icon */ = {
			isa = PBXGroup;
			children = (
				484813C01BF486D3002B76D9 /* 1024.png */,
				484813C11BF486D3002B76D9 /* 120.png */,
				484813C21BF486D3002B76D9 /* 180.png */,
				484813C31BF486D3002B76D9 /* 58.png */,
				484813C41BF486D3002B76D9 /* 80.png */,
				484813C51BF486D3002B76D9 /* 87.png */,
			);
			path = icon;
			sourceTree = "<group>";
		};
		484813C61BF486D3002B76D9 /* launch */ = {
			isa = PBXGroup;
			children = (
				484813C71BF486D3002B76D9 /* 4.png */,
				484813C81BF486D3002B76D9 /* 5.png */,
				484813C91BF486D3002B76D9 /* 6.png */,
				484813CA1BF486D3002B76D9 /* 6p.png */,
			);
			path = launch;
			sourceTree = "<group>";
		};
		4848DCAE1BEE2DC100FDEB7C /* 3rd */ = {
			isa = PBXGroup;
			children = (
				4848DD601BF36A1600FDEB7C /* BaiDuAdv */,
				4848DCF01BF048CC00FDEB7C /* SDWebImage */,
				4848DCE61BEF649000FDEB7C /* SVProgressHUD */,
				4848DCCA1BEF3BEC00FDEB7C /* JSONKit */,
				4848DCAF1BEE2DC100FDEB7C /* SSZipArchive */,
			);
			path = 3rd;
			sourceTree = "<group>";
		};
		4848DCAF1BEE2DC100FDEB7C /* SSZipArchive */ = {
			isa = PBXGroup;
			children = (
				4848DCB01BEE2DC100FDEB7C /* Common.h */,
				4848DCB11BEE2DC100FDEB7C /* minizip */,
				4848DCBB1BEE2DC100FDEB7C /* SSZipArchive.h */,
				4848DCBC1BEE2DC100FDEB7C /* SSZipArchive.m */,
			);
			path = SSZipArchive;
			sourceTree = "<group>";
		};
		4848DCB11BEE2DC100FDEB7C /* minizip */ = {
			isa = PBXGroup;
			children = (
				4848DCB21BEE2DC100FDEB7C /* crypt.h */,
				4848DCB31BEE2DC100FDEB7C /* ioapi.c */,
				4848DCB41BEE2DC100FDEB7C /* ioapi.h */,
				4848DCB51BEE2DC100FDEB7C /* mztools.c */,
				4848DCB61BEE2DC100FDEB7C /* mztools.h */,
				4848DCB71BEE2DC100FDEB7C /* unzip.c */,
				4848DCB81BEE2DC100FDEB7C /* unzip.h */,
				4848DCB91BEE2DC100FDEB7C /* zip.c */,
				4848DCBA1BEE2DC100FDEB7C /* zip.h */,
			);
			path = minizip;
			sourceTree = "<group>";
		};
		4848DCCA1BEF3BEC00FDEB7C /* JSONKit */ = {
			isa = PBXGroup;
			children = (
				4848DCCB1BEF3BEC00FDEB7C /* JSONKit.h */,
				4848DCCC1BEF3BEC00FDEB7C /* JSONKit.m */,
			);
			path = JSONKit;
			sourceTree = "<group>";
		};
		4848DCE61BEF649000FDEB7C /* SVProgressHUD */ = {
			isa = PBXGroup;
			children = (
				4848DCE71BEF649000FDEB7C /* SVIndefiniteAnimatedView.h */,
				4848DCE81BEF649000FDEB7C /* SVIndefiniteAnimatedView.m */,
				4848DCE91BEF649000FDEB7C /* SVProgressHUD-Prefix.pch */,
				4848DCEA1BEF649000FDEB7C /* SVProgressHUD.bundle */,
				4848DCEB1BEF649000FDEB7C /* SVProgressHUD.h */,
				4848DCEC1BEF649000FDEB7C /* SVProgressHUD.m */,
			);
			path = SVProgressHUD;
			sourceTree = "<group>";
		};
		4848DCF01BF048CC00FDEB7C /* SDWebImage */ = {
			isa = PBXGroup;
			children = (
				4848DCF11BF048CC00FDEB7C /* MKAnnotationView+WebCache.h */,
				4848DCF21BF048CC00FDEB7C /* MKAnnotationView+WebCache.m */,
				4848DCF31BF048CC00FDEB7C /* NSData+ImageContentType.h */,
				4848DCF41BF048CC00FDEB7C /* NSData+ImageContentType.m */,
				4848DCF51BF048CC00FDEB7C /* SDImageCache.h */,
				4848DCF61BF048CC00FDEB7C /* SDImageCache.m */,
				4848DCF71BF048CC00FDEB7C /* SDWebImageCompat.h */,
				4848DCF81BF048CC00FDEB7C /* SDWebImageCompat.m */,
				4848DCF91BF048CC00FDEB7C /* SDWebImageDecoder.h */,
				4848DCFA1BF048CC00FDEB7C /* SDWebImageDecoder.m */,
				4848DCFB1BF048CC00FDEB7C /* SDWebImageDownloader.h */,
				4848DCFC1BF048CC00FDEB7C /* SDWebImageDownloader.m */,
				4848DCFD1BF048CC00FDEB7C /* SDWebImageDownloaderOperation.h */,
				4848DCFE1BF048CC00FDEB7C /* SDWebImageDownloaderOperation.m */,
				4848DCFF1BF048CC00FDEB7C /* SDWebImageManager.h */,
				4848DD001BF048CC00FDEB7C /* SDWebImageManager.m */,
				4848DD011BF048CC00FDEB7C /* SDWebImageOperation.h */,
				4848DD021BF048CC00FDEB7C /* SDWebImagePrefetcher.h */,
				4848DD031BF048CC00FDEB7C /* SDWebImagePrefetcher.m */,
				4848DD041BF048CC00FDEB7C /* UIButton+WebCache.h */,
				4848DD051BF048CC00FDEB7C /* UIButton+WebCache.m */,
				4848DD061BF048CC00FDEB7C /* UIImage+GIF.h */,
				4848DD071BF048CC00FDEB7C /* UIImage+GIF.m */,
				4848DD081BF048CC00FDEB7C /* UIImage+MultiFormat.h */,
				4848DD091BF048CC00FDEB7C /* UIImage+MultiFormat.m */,
				4848DD0A1BF048CC00FDEB7C /* UIImage+WebP.h */,
				4848DD0B1BF048CC00FDEB7C /* UIImage+WebP.m */,
				4848DD0C1BF048CC00FDEB7C /* UIImageView+HighlightedWebCache.h */,
				4848DD0D1BF048CC00FDEB7C /* UIImageView+HighlightedWebCache.m */,
				4848DD0E1BF048CC00FDEB7C /* UIImageView+WebCache.h */,
				4848DD0F1BF048CC00FDEB7C /* UIImageView+WebCache.m */,
				4848DD101BF048CC00FDEB7C /* UIView+WebCacheOperation.h */,
				4848DD111BF048CC00FDEB7C /* UIView+WebCacheOperation.m */,
			);
			path = SDWebImage;
			sourceTree = "<group>";
		};
		4848DD271BF1BA1200FDEB7C /* cateIcon */ = {
			isa = PBXGroup;
			children = (
				4848DD281BF1BA1200FDEB7C /* gycy.png */,
				4848DD291BF1BA1200FDEB7C /* lmqc.png */,
				4848DD2A1BF1BA1200FDEB7C /* wxxx.png */,
				4848DD2B1BF1BA1200FDEB7C /* xdyq.png */,
				4848DD2C1BF1BA1200FDEB7C /* xyly.png */,
			);
			path = cateIcon;
			sourceTree = "<group>";
		};
		4848DD601BF36A1600FDEB7C /* BaiDuAdv */ = {
			isa = PBXGroup;
			children = (
				4848DD611BF36A1600FDEB7C /* BaiduMobAdCommonConfig.h */,
				4848DD621BF36A1600FDEB7C /* BaiduMobAdDelegateProtocol.h */,
				4848DD631BF36A1600FDEB7C /* BaiduMobAdInterstitial.h */,
				4848DD641BF36A1600FDEB7C /* BaiduMobAdInterstitialDelegate.h */,
				4848DD651BF36A1600FDEB7C /* BaiduMobAdRecommendDelegateProtocol.h */,
				4848DD661BF36A1600FDEB7C /* BaiduMobAdRecommendIcon.h */,
				4848DD671BF36A1600FDEB7C /* baidumobadsdk.bundle */,
				4848DD681BF36A1600FDEB7C /* BaiduMobAdSplash.h */,
				4848DD691BF36A1600FDEB7C /* BaiduMobAdSplashDelegate.h */,
				4848DD6A1BF36A1600FDEB7C /* BaiduMobAdVideoDelegate.h */,
				4848DD6B1BF36A1600FDEB7C /* BaiduMobAdVideoView.h */,
				4848DD6C1BF36A1600FDEB7C /* BaiduMobAdView.h */,
				4848DD6D1BF36A1600FDEB7C /* libBaiduMobAdSdk64bit.a */,
			);
			name = BaiDuAdv;
			path = ios_api;
			sourceTree = "<group>";
		};
		48955C391BEC77000063C372 = {
			isa = PBXGroup;
			children = (
				4848DD8E1BF36C7D00FDEB7C /* CoreGraphics.framework */,
				4848DD8C1BF36C7800FDEB7C /* Foundation.framework */,
				4848DD8A1BF36C7300FDEB7C /* UIKit.framework */,
				4848DD881BF36C6300FDEB7C /* SystemConfiguration.framework */,
				4848DD861BF36C5800FDEB7C /* CoreTelephony.framework */,
				4848DD841BF36C5000FDEB7C /* libstdc++.dylib */,
				4848DD821BF36C4900FDEB7C /* CoreLocation.framework */,
				4848DD801BF36C4300FDEB7C /* MessageUI.framework */,
				4848DD7E1BF36C3A00FDEB7C /* AVFoundation.framework */,
				4848DD7C1BF36C3500FDEB7C /* MediaPlayer.framework */,
				4848DD7A1BF36C3000FDEB7C /* CoreMotion.framework */,
				4848DD781BF36C2300FDEB7C /* AudioToolbox.framework */,
				4848DD761BF36C1B00FDEB7C /* StoreKit.framework */,
				4848DD741BF36C1400FDEB7C /* AdSupport.framework */,
				4848DD721BF36C0F00FDEB7C /* Security.framework */,
				4848DD701BF36C0A00FDEB7C /* QuartzCore.framework */,
				4848DCC21BEE2E6600FDEB7C /* libz.dylib */,
				48955C441BEC77000063C372 /* eBook */,
				48955C5E1BEC77000063C372 /* eBookTests */,
				48955C431BEC77000063C372 /* Products */,
			);
			sourceTree = "<group>";
		};
		48955C431BEC77000063C372 /* Products */ = {
			isa = PBXGroup;
			children = (
				48955C421BEC77000063C372 /* eBook.app */,
				48955C5B1BEC77000063C372 /* eBookTests.xctest */,
			);
			name = Products;
			sourceTree = "<group>";
		};
		48955C441BEC77000063C372 /* eBook */ = {
			isa = PBXGroup;
			children = (
				4848DCE01BEF59FE00FDEB7C /* UIScrollView+UITouch.m */,
				4848DCE11BEF59FE00FDEB7C /* UIScrollView+UITouch.h */,
				4848DCAE1BEE2DC100FDEB7C /* 3rd */,
				4848DC761BED942700FDEB7C /* CommData.h */,
				48955C991BECBC8A0063C372 /* RadioGroup.m */,
				48955C9A1BECBC8A0063C372 /* RadioGroup.h */,
				48955C801BEC7C460063C372 /* BookView.m */,
				48955C811BEC7C460063C372 /* BookView.h */,
				48955C751BEC792F0063C372 /* resource */,
				48955C491BEC77000063C372 /* AppDelegate.h */,
				48955C4A1BEC77000063C372 /* AppDelegate.m */,
				48955C4C1BEC77000063C372 /* ViewController.h */,
				48955C4D1BEC77000063C372 /* ViewController.m */,
				48955C4F1BEC77000063C372 /* Main.storyboard */,
				48955C521BEC77000063C372 /* Images.xcassets */,
				48955C541BEC77000063C372 /* LaunchScreen.xib */,
				48955C451BEC77000063C372 /* Supporting Files */,
				48955C701BEC77400063C372 /* MainViewController.h */,
				48955C711BEC77400063C372 /* MainViewController.m */,
				48955C721BEC77400063C372 /* MainViewController.xib */,
				48955C851BEC87660063C372 /* BookBriefViewController.h */,
				48955C861BEC87660063C372 /* BookBriefViewController.m */,
				48955C871BEC87660063C372 /* BookBriefViewController.xib */,
				48955C8A1BEC8C540063C372 /* HotTableViewCell.h */,
				48955C8B1BEC8C540063C372 /* HotTableViewCell.m */,
				48955C8C1BEC8C540063C372 /* HotTableViewCell.xib */,
				48955C8F1BEC8FB20063C372 /* HotViewController.h */,
				48955C901BEC8FB20063C372 /* HotViewController.m */,
				48955C911BEC8FB20063C372 /* HotViewController.xib */,
				48955C941BECBBDA0063C372 /* SettingViewController.h */,
				48955C951BECBBDA0063C372 /* SettingViewController.m */,
				48955C961BECBBDA0063C372 /* SettingViewController.xib */,
				48955C9C1BECC3550063C372 /* GlobalSetting.h */,
				48955C9D1BECC3550063C372 /* GlobalSetting.m */,
				4848DC891BED9F0400FDEB7C /* BookPageViewController.h */,
				4848DC8A1BED9F0400FDEB7C /* BookPageViewController.m */,
				4848DC8B1BED9F0400FDEB7C /* BookPageViewController.xib */,
				4848DC8E1BED9FA900FDEB7C /* BookDetailViewController.h */,
				4848DC8F1BED9FA900FDEB7C /* BookDetailViewController.m */,
				4848DC901BED9FA900FDEB7C /* BookDetailViewController.xib */,
				4848DC961BEDDDEB00FDEB7C /* SplitNSString.h */,
				4848DC971BEDDDEB00FDEB7C /* SplitNSString.m */,
				4848DCC41BEEE7E300FDEB7C /* DownManager.h */,
				4848DCC51BEEE7E300FDEB7C /* DownManager.m */,
				4848DCC71BEEEC5400FDEB7C /* FileManager.h */,
				4848DCC81BEEEC5400FDEB7C /* FileManager.m */,
				4848DCCE1BEF3CB000FDEB7C /* StructInfo.h */,
				4848DCCF1BEF3CB000FDEB7C /* StructInfo.m */,
				4848DCD11BEF4D6700FDEB7C /* BookCategoryViewController.h */,
				4848DCD21BEF4D6700FDEB7C /* BookCategoryViewController.m */,
				4848DCD31BEF4D6700FDEB7C /* BookCategoryViewController.xib */,
				4848DCD61BEF516E00FDEB7C /* BookListViewController.h */,
				4848DCD71BEF516E00FDEB7C /* BookListViewController.m */,
				4848DCD81BEF516E00FDEB7C /* BookListViewController.xib */,
				4848DCDB1BEF57B000FDEB7C /* BookListTableViewCell.h */,
				4848DCDC1BEF57B000FDEB7C /* BookListTableViewCell.m */,
				4848DCDD1BEF57B000FDEB7C /* BookListTableViewCell.xib */,
				4848DD221BF07D8700FDEB7C /* BookBriefTableCell.h */,
				4848DD231BF07D8700FDEB7C /* BookBriefTableCell.m */,
				4848DD241BF07D8700FDEB7C /* BookBriefTableCell.xib */,
				4848DD321BF1CE0800FDEB7C /* UINavigationBar+CustomHeight.h */,
				4848DD331BF1CE0800FDEB7C /* UINavigationBar+CustomHeight.m */,
				4848DD351BF20E9F00FDEB7C /* BaseViewController.h */,
				4848DD361BF20E9F00FDEB7C /* BaseViewController.m */,
				4848DD901BF36F2700FDEB7C /* OtherViewController.h */,
				4848DD911BF36F2700FDEB7C /* OtherViewController.m */,
				4848DD921BF36F2700FDEB7C /* OtherViewController.xib */,
			);
			path = eBook;
			sourceTree = "<group>";
		};
		48955C451BEC77000063C372 /* Supporting Files */ = {
			isa = PBXGroup;
			children = (
				48955C461BEC77000063C372 /* Info.plist */,
				48955C471BEC77000063C372 /* main.m */,
			);
			name = "Supporting Files";
			sourceTree = "<group>";
		};
		48955C5E1BEC77000063C372 /* eBookTests */ = {
			isa = PBXGroup;
			children = (
				48955C611BEC77000063C372 /* eBookTests.m */,
				48955C5F1BEC77000063C372 /* Supporting Files */,
			);
			path = eBookTests;
			sourceTree = "<group>";
		};
		48955C5F1BEC77000063C372 /* Supporting Files */ = {
			isa = PBXGroup;
			children = (
				48955C601BEC77000063C372 /* Info.plist */,
			);
			name = "Supporting Files";
			sourceTree = "<group>";
		};
		48955C751BEC792F0063C372 /* resource */ = {
			isa = PBXGroup;
			children = (
				48955C7D1BEC7B5E0063C372 /* test */,
				48955C761BEC792F0063C372 /* image */,
			);
			path = resource;
			sourceTree = "<group>";
		};
		48955C761BEC792F0063C372 /* image */ = {
			isa = PBXGroup;
			children = (
				484813BF1BF486D3002B76D9 /* icon */,
				484813C61BF486D3002B76D9 /* launch */,
				4848DD381BF2DBA500FDEB7C /* book_bg_2.png */,
				4848DD391BF2DBA500FDEB7C /* book_bg_1.png */,
				4848DD271BF1BA1200FDEB7C /* cateIcon */,
				4848DC9B1BEE0EF400FDEB7C /* NavBack@2x.png */,
				48955C9F1BECCACF0063C372 /* zhong.png */,
				48955CA01BECCACF0063C372 /* xiao.png */,
				484813D71BF4B309002B76D9 /* add.png */,
				48955CA11BECCACF0063C372 /* da.png */,
				484813D51BF48853002B76D9 /* other.png */,
				4848DD4A1BF323A200FDEB7C /* te.png */,
				4848DD5D1BF366F900FDEB7C /* moom.png */,
				4848DC9D1BEE23B500FDEB7C /* sun.png */,
				4848DD461BF316A000FDEB7C /* text_bg_6.png */,
				4848DD471BF316A000FDEB7C /* text_bg_7.png */,
				4848DD3C1BF2E0C600FDEB7C /* text_bg_1.png */,
				4848DD4C1BF32ED000FDEB7C /* setting2.png */,
				4848DD3D1BF2E0C600FDEB7C /* text_bg_2.png */,
				4848DD3E1BF2E0C600FDEB7C /* text_bg_3.png */,
				4848DD3F1BF2E0C600FDEB7C /* text_bg_4.png */,
				4848DD401BF2E0C600FDEB7C /* text_bg_5.png */,
				48955C831BEC843E0063C372 /* del.png */,
				48955C771BEC792F0063C372 /* hot.png */,
				48955C781BEC792F0063C372 /* search.png */,
				48955C791BEC792F0063C372 /* setting.png */,
				4848DD4E1BF333FC00FDEB7C /* text_bg_show_1.png */,
				4848DD4F1BF333FC00FDEB7C /* text_bg_show_2.png */,
				4848DD501BF333FC00FDEB7C /* text_bg_show_3.png */,
				4848DD511BF333FC00FDEB7C /* text_bg_show_4.png */,
				4848DD521BF333FC00FDEB7C /* text_bg_show_5.png */,
				4848DD531BF333FC00FDEB7C /* text_bg_show_6.png */,
				4848DD541BF333FC00FDEB7C /* text_bg_show_7.png */,
			);
			path = image;
			sourceTree = "<group>";
		};
		48955C7D1BEC7B5E0063C372 /* test */ = {
			isa = PBXGroup;
			children = (
				4848DC991BEDF18200FDEB7C /* info.txt */,
				48955C7E1BEC7B5E0063C372 /* book.png */,
			);
			path = test;
			sourceTree = "<group>";
		};
/* End PBXGroup section */

/* Begin PBXNativeTarget section */
		48955C411BEC77000063C372 /* eBook */ = {
			isa = PBXNativeTarget;
			buildConfigurationList = 48955C651BEC77000063C372 /* Build configuration list for PBXNativeTarget "eBook" */;
			buildPhases = (
				48955C3E1BEC77000063C372 /* Sources */,
				48955C3F1BEC77000063C372 /* Frameworks */,
				48955C401BEC77000063C372 /* Resources */,
			);
			buildRules = (
			);
			dependencies = (
			);
			name = eBook;
			productName = eBook;
			productReference = 48955C421BEC77000063C372 /* eBook.app */;
			productType = "com.apple.product-type.application";
		};
		48955C5A1BEC77000063C372 /* eBookTests */ = {
			isa = PBXNativeTarget;
			buildConfigurationList = 48955C681BEC77000063C372 /* Build configuration list for PBXNativeTarget "eBookTests" */;
			buildPhases = (
				48955C571BEC77000063C372 /* Sources */,
				48955C581BEC77000063C372 /* Frameworks */,
				48955C591BEC77000063C372 /* Resources */,
			);
			buildRules = (
			);
			dependencies = (
				48955C5D1BEC77000063C372 /* PBXTargetDependency */,
			);
			name = eBookTests;
			productName = eBookTests;
			productReference = 48955C5B1BEC77000063C372 /* eBookTests.xctest */;
			productType = "com.apple.product-type.bundle.unit-test";
		};
/* End PBXNativeTarget section */

/* Begin PBXProject section */
		48955C3A1BEC77000063C372 /* Project object */ = {
			isa = PBXProject;
			attributes = {
				LastUpgradeCheck = 0640;
				ORGANIZATIONNAME = "zhuang chaoxiao";
				TargetAttributes = {
					48955C411BEC77000063C372 = {
						CreatedOnToolsVersion = 6.4;
						DevelopmentTeam = 398SEH57CU;
					};
					48955C5A1BEC77000063C372 = {
						CreatedOnToolsVersion = 6.4;
						TestTargetID = 48955C411BEC77000063C372;
					};
				};
			};
			buildConfigurationList = 48955C3D1BEC77000063C372 /* Build configuration list for PBXProject "eBook" */;
			compatibilityVersion = "Xcode 3.2";
			developmentRegion = English;
			hasScannedForEncodings = 0;
			knownRegions = (
				en,
				Base,
			);
			mainGroup = 48955C391BEC77000063C372;
			productRefGroup = 48955C431BEC77000063C372 /* Products */;
			projectDirPath = "";
			projectRoot = "";
			targets = (
				48955C411BEC77000063C372 /* eBook */,
				48955C5A1BEC77000063C372 /* eBookTests */,
			);
		};
/* End PBXProject section */

/* Begin PBXResourcesBuildPhase section */
		48955C401BEC77000063C372 /* Resources */ = {
			isa = PBXResourcesBuildPhase;
			buildActionMask = 2147483647;
			files = (
				48955C931BEC8FB20063C372 /* HotViewController.xib in Resources */,
				4848DCD51BEF4D6700FDEB7C /* BookCategoryViewController.xib in Resources */,
				4848DD5F1BF366F900FDEB7C /* moom.png in Resources */,
				484813CC1BF486D3002B76D9 /* 120.png in Resources */,
				48955C8E1BEC8C540063C372 /* HotTableViewCell.xib in Resources */,
				484813CD1BF486D3002B76D9 /* 180.png in Resources */,
				4848DD261BF07D8700FDEB7C /* BookBriefTableCell.xib in Resources */,
				4848DD441BF2E0C600FDEB7C /* text_bg_4.png in Resources */,
				4848DD4B1BF323A200FDEB7C /* te.png in Resources */,
				4848DD5B1BF333FC00FDEB7C /* text_bg_show_7.png in Resources */,
				4848DD551BF333FC00FDEB7C /* text_bg_show_1.png in Resources */,
				4848DD941BF36F2700FDEB7C /* OtherViewController.xib in Resources */,
				4848DD5A1BF333FC00FDEB7C /* text_bg_show_6.png in Resources */,
				4848DD581BF333FC00FDEB7C /* text_bg_show_4.png in Resources */,
				48955C511BEC77000063C372 /* Main.storyboard in Resources */,
				48955C981BECBBDA0063C372 /* SettingViewController.xib in Resources */,
				4848DD411BF2E0C600FDEB7C /* text_bg_1.png in Resources */,
				4848DD571BF333FC00FDEB7C /* text_bg_show_3.png in Resources */,
				4848DD2D1BF1BA1200FDEB7C /* gycy.png in Resources */,
				4848DD2F1BF1BA1200FDEB7C /* wxxx.png in Resources */,
				4848DCEE1BEF649000FDEB7C /* SVProgressHUD.bundle in Resources */,
				484813D21BF486D3002B76D9 /* 5.png in Resources */,
				4848DD311BF1BA1200FDEB7C /* xyly.png in Resources */,
				484813CE1BF486D3002B76D9 /* 58.png in Resources */,
				48955C7B1BEC792F0063C372 /* search.png in Resources */,
				4848DC8D1BED9F0400FDEB7C /* BookPageViewController.xib in Resources */,
				48955C561BEC77000063C372 /* LaunchScreen.xib in Resources */,
				484813D41BF486D3002B76D9 /* 6p.png in Resources */,
				48955C841BEC843E0063C372 /* del.png in Resources */,
				4848DD421BF2E0C600FDEB7C /* text_bg_2.png in Resources */,
				4848DD3A1BF2DBA500FDEB7C /* book_bg_2.png in Resources */,
				48955C7C1BEC792F0063C372 /* setting.png in Resources */,
				484813D31BF486D3002B76D9 /* 6.png in Resources */,
				4848DD3B1BF2DBA500FDEB7C /* book_bg_1.png in Resources */,
				484813D61BF48853002B76D9 /* other.png in Resources */,
				484813D81BF4B309002B76D9 /* add.png in Resources */,
				4848DD2E1BF1BA1200FDEB7C /* lmqc.png in Resources */,
				48955C7A1BEC792F0063C372 /* hot.png in Resources */,
				484813CF1BF486D3002B76D9 /* 80.png in Resources */,
				48955C531BEC77000063C372 /* Images.xcassets in Resources */,
				4848DD4D1BF32ED000FDEB7C /* setting2.png in Resources */,
				4848DC921BED9FA900FDEB7C /* BookDetailViewController.xib in Resources */,
				4848DD561BF333FC00FDEB7C /* text_bg_show_2.png in Resources */,
				4848DD6E1BF36A1600FDEB7C /* baidumobadsdk.bundle in Resources */,
				4848DCDF1BEF57B000FDEB7C /* BookListTableViewCell.xib in Resources */,
				48955C7F1BEC7B5E0063C372 /* book.png in Resources */,
				48955CA31BECCACF0063C372 /* xiao.png in Resources */,
				4848DC9C1BEE0EF400FDEB7C /* NavBack@2x.png in Resources */,
				4848DD491BF316A000FDEB7C /* text_bg_7.png in Resources */,
				4848DD591BF333FC00FDEB7C /* text_bg_show_5.png in Resources */,
				4848DD481BF316A000FDEB7C /* text_bg_6.png in Resources */,
				4848DC9E1BEE23B500FDEB7C /* sun.png in Resources */,
				4848DD301BF1BA1200FDEB7C /* xdyq.png in Resources */,
				48955C891BEC87660063C372 /* BookBriefViewController.xib in Resources */,
				48955CA21BECCACF0063C372 /* zhong.png in Resources */,
				4848DCDA1BEF516E00FDEB7C /* BookListViewController.xib in Resources */,
				48955CA41BECCACF0063C372 /* da.png in Resources */,
				484813D11BF486D3002B76D9 /* 4.png in Resources */,
				484813CB1BF486D3002B76D9 /* 1024.png in Resources */,
				4848DC9A1BEDF18200FDEB7C /* info.txt in Resources */,
				4848DD451BF2E0C600FDEB7C /* text_bg_5.png in Resources */,
				48955C741BEC77400063C372 /* MainViewController.xib in Resources */,
				484813D01BF486D3002B76D9 /* 87.png in Resources */,
				4848DD431BF2E0C600FDEB7C /* text_bg_3.png in Resources */,
			);
			runOnlyForDeploymentPostprocessing = 0;
		};
		48955C591BEC77000063C372 /* Resources */ = {
			isa = PBXResourcesBuildPhase;
			buildActionMask = 2147483647;
			files = (
			);
			runOnlyForDeploymentPostprocessing = 0;
		};
/* End PBXResourcesBuildPhase section */

/* Begin PBXSourcesBuildPhase section */
		48955C3E1BEC77000063C372 /* Sources */ = {
			isa = PBXSourcesBuildPhase;
			buildActionMask = 2147483647;
			files = (
				48955C9E1BECC3550063C372 /* GlobalSetting.m in Sources */,
				48955C921BEC8FB20063C372 /* HotViewController.m in Sources */,
				4848DD191BF048CC00FDEB7C /* SDWebImageManager.m in Sources */,
				4848DD1A1BF048CC00FDEB7C /* SDWebImagePrefetcher.m in Sources */,
				4848DCBE1BEE2DC100FDEB7C /* mztools.c in Sources */,
				4848DCC01BEE2DC100FDEB7C /* zip.c in Sources */,
				4848DCC11BEE2DC100FDEB7C /* SSZipArchive.m in Sources */,
				4848DD211BF048CC00FDEB7C /* UIView+WebCacheOperation.m in Sources */,
				4848DCC91BEEEC5400FDEB7C /* FileManager.m in Sources */,
				4848DD181BF048CC00FDEB7C /* SDWebImageDownloaderOperation.m in Sources */,
				4848DC8C1BED9F0400FDEB7C /* BookPageViewController.m in Sources */,
				4848DCD41BEF4D6700FDEB7C /* BookCategoryViewController.m in Sources */,
				48955C4E1BEC77000063C372 /* ViewController.m in Sources */,
				4848DCEF1BEF649000FDEB7C /* SVProgressHUD.m in Sources */,
				4848DCD01BEF3CB000FDEB7C /* StructInfo.m in Sources */,
				4848DC911BED9FA900FDEB7C /* BookDetailViewController.m in Sources */,
				48955C4B1BEC77000063C372 /* AppDelegate.m in Sources */,
				4848DCCD1BEF3BEC00FDEB7C /* JSONKit.m in Sources */,
				48955C481BEC77000063C372 /* main.m in Sources */,
				4848DD1C1BF048CC00FDEB7C /* UIImage+GIF.m in Sources */,
				48955C8D1BEC8C540063C372 /* HotTableViewCell.m in Sources */,
				48955C971BECBBDA0063C372 /* SettingViewController.m in Sources */,
				4848DCBD1BEE2DC100FDEB7C /* ioapi.c in Sources */,
				4848DD201BF048CC00FDEB7C /* UIImageView+WebCache.m in Sources */,
				4848DCE21BEF59FE00FDEB7C /* UIScrollView+UITouch.m in Sources */,
				4848DD371BF20E9F00FDEB7C /* BaseViewController.m in Sources */,
				4848DD931BF36F2700FDEB7C /* OtherViewController.m in Sources */,
				4848DD1B1BF048CC00FDEB7C /* UIButton+WebCache.m in Sources */,
				4848DD171BF048CC00FDEB7C /* SDWebImageDownloader.m in Sources */,
				4848DD1E1BF048CC00FDEB7C /* UIImage+WebP.m in Sources */,
				4848DD1D1BF048CC00FDEB7C /* UIImage+MultiFormat.m in Sources */,
				4848DCBF1BEE2DC100FDEB7C /* unzip.c in Sources */,
				4848DCED1BEF649000FDEB7C /* SVIndefiniteAnimatedView.m in Sources */,
				4848DCD91BEF516E00FDEB7C /* BookListViewController.m in Sources */,
				4848DD151BF048CC00FDEB7C /* SDWebImageCompat.m in Sources */,
				48955C821BEC7C460063C372 /* BookView.m in Sources */,
				4848DD161BF048CC00FDEB7C /* SDWebImageDecoder.m in Sources */,
				4848DD141BF048CC00FDEB7C /* SDImageCache.m in Sources */,
				4848DD121BF048CC00FDEB7C /* MKAnnotationView+WebCache.m in Sources */,
				4848DCDE1BEF57B000FDEB7C /* BookListTableViewCell.m in Sources */,
				4848DCC61BEEE7E300FDEB7C /* DownManager.m in Sources */,
				4848DC981BEDDDEB00FDEB7C /* SplitNSString.m in Sources */,
				48955C881BEC87660063C372 /* BookBriefViewController.m in Sources */,
				4848DD341BF1CE0800FDEB7C /* UINavigationBar+CustomHeight.m in Sources */,
				4848DD131BF048CC00FDEB7C /* NSData+ImageContentType.m in Sources */,
				4848DD1F1BF048CC00FDEB7C /* UIImageView+HighlightedWebCache.m in Sources */,
				48955C731BEC77400063C372 /* MainViewController.m in Sources */,
				4848DD251BF07D8700FDEB7C /* BookBriefTableCell.m in Sources */,
				48955C9B1BECBC8A0063C372 /* RadioGroup.m in Sources */,
			);
			runOnlyForDeploymentPostprocessing = 0;
		};
		48955C571BEC77000063C372 /* Sources */ = {
			isa = PBXSourcesBuildPhase;
			buildActionMask = 2147483647;
			files = (
				48955C621BEC77000063C372 /* eBookTests.m in Sources */,
			);
			runOnlyForDeploymentPostprocessing = 0;
		};
/* End PBXSourcesBuildPhase section */

/* Begin PBXTargetDependency section */
		48955C5D1BEC77000063C372 /* PBXTargetDependency */ = {
			isa = PBXTargetDependency;
			target = 48955C411BEC77000063C372 /* eBook */;
			targetProxy = 48955C5C1BEC77000063C372 /* PBXContainerItemProxy */;
		};
/* End PBXTargetDependency section */

/* Begin PBXVariantGroup section */
		48955C4F1BEC77000063C372 /* Main.storyboard */ = {
			isa = PBXVariantGroup;
			children = (
				48955C501BEC77000063C372 /* Base */,
			);
			name = Main.storyboard;
			sourceTree = "<group>";
		};
		48955C541BEC77000063C372 /* LaunchScreen.xib */ = {
			isa = PBXVariantGroup;
			children = (
				48955C551BEC77000063C372 /* Base */,
			);
			name = LaunchScreen.xib;
			sourceTree = "<group>";
		};
/* End PBXVariantGroup section */

/* Begin XCBuildConfiguration section */
		48955C631BEC77000063C372 /* Debug */ = {
			isa = XCBuildConfiguration;
			buildSettings = {
				ALWAYS_SEARCH_USER_PATHS = NO;
				CLANG_CXX_LANGUAGE_STANDARD = "gnu++0x";
				CLANG_CXX_LIBRARY = "libc++";
				CLANG_ENABLE_MODULES = YES;
				CLANG_ENABLE_OBJC_ARC = YES;
				CLANG_WARN_BOOL_CONVERSION = YES;
				CLANG_WARN_CONSTANT_CONVERSION = YES;
				CLANG_WARN_DIRECT_OBJC_ISA_USAGE = YES_ERROR;
				CLANG_WARN_EMPTY_BODY = YES;
				CLANG_WARN_ENUM_CONVERSION = YES;
				CLANG_WARN_INT_CONVERSION = YES;
				CLANG_WARN_OBJC_ROOT_CLASS = YES_ERROR;
				CLANG_WARN_UNREACHABLE_CODE = YES;
				CLANG_WARN__DUPLICATE_METHOD_MATCH = YES;
				"CODE_SIGN_IDENTITY[sdk=iphoneos*]" = "iPhone Developer";
				COPY_PHASE_STRIP = NO;
				DEBUG_INFORMATION_FORMAT = "dwarf-with-dsym";
				ENABLE_STRICT_OBJC_MSGSEND = YES;
				GCC_C_LANGUAGE_STANDARD = gnu99;
				GCC_DYNAMIC_NO_PIC = NO;
				GCC_NO_COMMON_BLOCKS = YES;
				GCC_OPTIMIZATION_LEVEL = 0;
				GCC_PREPROCESSOR_DEFINITIONS = (
					"DEBUG=1",
					"$(inherited)",
				);
				GCC_SYMBOLS_PRIVATE_EXTERN = NO;
				GCC_WARN_64_TO_32_BIT_CONVERSION = YES;
				GCC_WARN_ABOUT_RETURN_TYPE = YES_ERROR;
				GCC_WARN_UNDECLARED_SELECTOR = YES;
				GCC_WARN_UNINITIALIZED_AUTOS = YES_AGGRESSIVE;
				GCC_WARN_UNUSED_FUNCTION = YES;
				GCC_WARN_UNUSED_VARIABLE = YES;
				IPHONEOS_DEPLOYMENT_TARGET = 8.4;
				MTL_ENABLE_DEBUG_INFO = YES;
				ONLY_ACTIVE_ARCH = YES;
				SDKROOT = iphoneos;
			};
			name = Debug;
		};
		48955C641BEC77000063C372 /* Release */ = {
			isa = XCBuildConfiguration;
			buildSettings = {
				ALWAYS_SEARCH_USER_PATHS = NO;
				CLANG_CXX_LANGUAGE_STANDARD = "gnu++0x";
				CLANG_CXX_LIBRARY = "libc++";
				CLANG_ENABLE_MODULES = YES;
				CLANG_ENABLE_OBJC_ARC = YES;
				CLANG_WARN_BOOL_CONVERSION = YES;
				CLANG_WARN_CONSTANT_CONVERSION = YES;
				CLANG_WARN_DIRECT_OBJC_ISA_USAGE = YES_ERROR;
				CLANG_WARN_EMPTY_BODY = YES;
				CLANG_WARN_ENUM_CONVERSION = YES;
				CLANG_WARN_INT_CONVERSION = YES;
				CLANG_WARN_OBJC_ROOT_CLASS = YES_ERROR;
				CLANG_WARN_UNREACHABLE_CODE = YES;
				CLANG_WARN__DUPLICATE_METHOD_MATCH = YES;
				CODE_SIGN_IDENTITY = "iPhone Distribution: chaoxiao zhuang (398SEH57CU)";
				"CODE_SIGN_IDENTITY[sdk=iphoneos*]" = "iPhone Distribution: chaoxiao zhuang (398SEH57CU)";
				COPY_PHASE_STRIP = NO;
				DEBUG_INFORMATION_FORMAT = "dwarf-with-dsym";
				ENABLE_NS_ASSERTIONS = NO;
				ENABLE_STRICT_OBJC_MSGSEND = YES;
				GCC_C_LANGUAGE_STANDARD = gnu99;
				GCC_NO_COMMON_BLOCKS = YES;
				GCC_WARN_64_TO_32_BIT_CONVERSION = YES;
				GCC_WARN_ABOUT_RETURN_TYPE = YES_ERROR;
				GCC_WARN_UNDECLARED_SELECTOR = YES;
				GCC_WARN_UNINITIALIZED_AUTOS = YES_AGGRESSIVE;
				GCC_WARN_UNUSED_FUNCTION = YES;
				GCC_WARN_UNUSED_VARIABLE = YES;
				IPHONEOS_DEPLOYMENT_TARGET = 8.4;
				MTL_ENABLE_DEBUG_INFO = NO;
				SDKROOT = iphoneos;
				VALIDATE_PRODUCT = YES;
			};
			name = Release;
		};
		48955C661BEC77000063C372 /* Debug */ = {
			isa = XCBuildConfiguration;
			buildSettings = {
				ASSETCATALOG_COMPILER_APPICON_NAME = AppIcon;
				ASSETCATALOG_COMPILER_LAUNCHIMAGE_NAME = LaunchImage;
				CODE_SIGN_IDENTITY = "iPhone Developer";
				INFOPLIST_FILE = eBook/Info.plist;
				IPHONEOS_DEPLOYMENT_TARGET = 8.0;
				LD_RUNPATH_SEARCH_PATHS = "$(inherited) @executable_path/Frameworks";
				LIBRARY_SEARCH_PATHS = (
					"$(inherited)",
					"$(PROJECT_DIR)/eBook/3rd/ios_api",
				);
				PRODUCT_NAME = "$(TARGET_NAME)";
			};
			name = Debug;
		};
		48955C671BEC77000063C372 /* Release */ = {
			isa = XCBuildConfiguration;
			buildSettings = {
				ASSETCATALOG_COMPILER_APPICON_NAME = AppIcon;
				ASSETCATALOG_COMPILER_LAUNCHIMAGE_NAME = LaunchImage;
				CODE_SIGN_IDENTITY = "iPhone Developer";
				INFOPLIST_FILE = eBook/Info.plist;
				IPHONEOS_DEPLOYMENT_TARGET = 8.0;
				LD_RUNPATH_SEARCH_PATHS = "$(inherited) @executable_path/Frameworks";
				LIBRARY_SEARCH_PATHS = (
					"$(inherited)",
					"$(PROJECT_DIR)/eBook/3rd/ios_api",
				);
				PRODUCT_NAME = "$(TARGET_NAME)";
			};
			name = Release;
		};
		48955C691BEC77000063C372 /* Debug */ = {
			isa = XCBuildConfiguration;
			buildSettings = {
				BUNDLE_LOADER = "$(TEST_HOST)";
				FRAMEWORK_SEARCH_PATHS = (
					"$(SDKROOT)/Developer/Library/Frameworks",
					"$(inherited)",
				);
				GCC_PREPROCESSOR_DEFINITIONS = (
					"DEBUG=1",
					"$(inherited)",
				);
				INFOPLIST_FILE = eBookTests/Info.plist;
				LD_RUNPATH_SEARCH_PATHS = "$(inherited) @executable_path/Frameworks @loader_path/Frameworks";
				PRODUCT_NAME = "$(TARGET_NAME)";
				TEST_HOST = "$(BUILT_PRODUCTS_DIR)/eBook.app/eBook";
			};
			name = Debug;
		};
		48955C6A1BEC77000063C372 /* Release */ = {
			isa = XCBuildConfiguration;
			buildSettings = {
				BUNDLE_LOADER = "$(TEST_HOST)";
				FRAMEWORK_SEARCH_PATHS = (
					"$(SDKROOT)/Developer/Library/Frameworks",
					"$(inherited)",
				);
				INFOPLIST_FILE = eBookTests/Info.plist;
				LD_RUNPATH_SEARCH_PATHS = "$(inherited) @executable_path/Frameworks @loader_path/Frameworks";
				PRODUCT_NAME = "$(TARGET_NAME)";
				TEST_HOST = "$(BUILT_PRODUCTS_DIR)/eBook.app/eBook";
			};
			name = Release;
		};
/* End XCBuildConfiguration section */

/* Begin XCConfigurationList section */
		48955C3D1BEC77000063C372 /* Build configuration list for PBXProject "eBook" */ = {
			isa = XCConfigurationList;
			buildConfigurations = (
				48955C631BEC77000063C372 /* Debug */,
				48955C641BEC77000063C372 /* Release */,
			);
			defaultConfigurationIsVisible = 0;
			defaultConfigurationName = Release;
		};
		48955C651BEC77000063C372 /* Build configuration list for PBXNativeTarget "eBook" */ = {
			isa = XCConfigurationList;
			buildConfigurations = (
				48955C661BEC77000063C372 /* Debug */,
				48955C671BEC77000063C372 /* Release */,
			);
			defaultConfigurationIsVisible = 0;
			defaultConfigurationName = Release;
		};
		48955C681BEC77000063C372 /* Build configuration list for PBXNativeTarget "eBookTests" */ = {
			isa = XCConfigurationList;
			buildConfigurations = (
				48955C691BEC77000063C372 /* Debug */,
				48955C6A1BEC77000063C372 /* Release */,
			);
			defaultConfigurationIsVisible = 0;
			defaultConfigurationName = Release;
		};
/* End XCConfigurationList section */
	};
	rootObject = 48955C3A1BEC77000063C372 /* Project object */;
}
